
Microsoft Visual Studio Solution File, Format Version 12.00
# Visual Studio 15
Project("{8BC9CEB8-8B4A-11D0-8D11-00A0C91BC942}") = "3d", "3d.vcxproj", "{ED778A05-5BCD-4AD1-9EDD-3883A41EFC60}"
EndProject
Project("{8BC9CEB8-8B4A-11D0-8D11-00A0C91BC942}") = "asyncio", "asyncio.vcxproj", "{3EEEE7DD-6739-4870-965E-FA0C85C85ABE}"
EndProject
Project("{8BC9CEB8-8B4A-11D0-8D11-00A0C91BC942}") = "channel_groups", "channel_groups.vcxproj", "{C0606738-C816-4591-BD45-7B1164C09BD8}"
EndProject
Project("{8BC9CEB8-8B4A-11D0-8D11-00A0C91BC942}") = "convolution_reverb", "convolution_reverb.vcxproj", "{B1E4C3F2-B94F-4E91-B409-AFA9F747B54A}"
EndProject
Project("{8BC9CEB8-8B4A-11D0-8D11-00A0C91BC942}") = "dsp_custom", "dsp_custom.vcxproj", "{CE8721D7-7471-40B7-8420-E4FE37CF3F7A}"
EndProject
Project("{8BC9CEB8-8B4A-11D0-8D11-00A0C91BC942}") = "dsp_effect_per_speaker", "dsp_effect_per_speaker.vcxproj", "{A4F886D6-3046-4D67-B59A-ED2D6BAADB67}"
EndProject
Project("{8BC9CEB8-8B4A-11D0-8D11-00A0C91BC942}") = "dsp_inspector", "dsp_inspector.vcxproj", "{C5020EB4-EE94-4DFF-A8B1-C26E961D45EE}"
EndProject
Project("{8BC9CEB8-8B4A-11D0-8D11-00A0C91BC942}") = "effects", "effects.vcxproj", "{BD4650A8-0688-46F2-8F24-020735E3D324}"
EndProject
Project("{8BC9CEB8-8B4A-11D0-8D11-00A0C91BC942}") = "gapless_playback", "gapless_playback.vcxproj", "{B8D1A388-D285-48DB-9E5C-59873DC5F71B}"
EndProject
Project("{8BC9CEB8-8B4A-11D0-8D11-00A0C91BC942}") = "generate_tone", "generate_tone.vcxproj", "{60482E40-22D0-43B3-A408-A22A867353AE}"
EndProject
Project("{8BC9CEB8-8B4A-11D0-8D11-00A0C91BC942}") = "granular_synth", "granular_synth.vcxproj", "{5F606AE2-E619-4E7B-B3EF-6EE4823B6C2D}"
EndProject
Project("{8BC9CEB8-8B4A-11D0-8D11-00A0C91BC942}") = "load_from_memory", "load_from_memory.vcxproj", "{D33476A9-1692-4E58-AE63-CB4B838590D9}"
EndProject
Project("{8BC9CEB8-8B4A-11D0-8D11-00A0C91BC942}") = "multiple_speaker", "multiple_speaker.vcxproj", "{5D83C8D1-3FDB-4F57-9B0D-93B1B545EB9B}"
EndProject
Project("{8BC9CEB8-8B4A-11D0-8D11-00A0C91BC942}") = "multiple_system", "multiple_system.vcxproj", "{3DC99C58-C045-4021-B96E-081D9F3BE828}"
EndProject
Project("{8BC9CEB8-8B4A-11D0-8D11-00A0C91BC942}") = "net_stream", "net_stream.vcxproj", "{B328549B-9408-4399-AF5D-21BFF9DC83C2}"
EndProject
Project("{8BC9CEB8-8B4A-11D0-8D11-00A0C91BC942}") = "play_sound", "play_sound.vcxproj", "{1360E23C-4200-4E5F-B861-3ABFEFB52211}"
EndProject
Project("{8BC9CEB8-8B4A-11D0-8D11-00A0C91BC942}") = "play_stream", "play_stream.vcxproj", "{99AFE8E1-C190-4CE1-8F29-295031A2DC9A}"
EndProject
Project("{8BC9CEB8-8B4A-11D0-8D11-00A0C91BC942}") = "record", "record.vcxproj", "{32EF1B2E-EAA1-4D17-BD0C-59924E332977}"
EndProject
Project("{8BC9CEB8-8B4A-11D0-8D11-00A0C91BC942}") = "record_enumeration", "record_enumeration.vcxproj", "{0682829F-6063-437F-B548-8F84B3249984}"
EndProject
Project("{8BC9CEB8-8B4A-11D0-8D11-00A0C91BC942}") = "user_created_sound", "user_created_sound.vcxproj", "{A6F47918-ACAE-40D3-A8A6-6AECE6443965}"
EndProject
Project("{8BC9CEB8-8B4A-11D0-8D11-00A0C91BC942}") = "fmod_codec_raw", "fmod_codec_raw.vcxproj", "{B95F3580-28FE-482B-AEC7-31B1227233ED}"
EndProject
Project("{8BC9CEB8-8B4A-11D0-8D11-00A0C91BC942}") = "fmod_distance_filter", "fmod_distance_filter.vcxproj", "{416A69B2-CA55-47A3-AA6F-B6CD453FEE68}"
EndProject
Project("{8BC9CEB8-8B4A-11D0-8D11-00A0C91BC942}") = "fmod_gain", "fmod_gain.vcxproj", "{D49D8EB2-4907-4FFB-AE87-8C0D673A9B06}"
EndProject
Project("{8BC9CEB8-8B4A-11D0-8D11-00A0C91BC942}") = "fmod_noise", "fmod_noise.vcxproj", "{DF02C618-0A13-4938-8E74-60B173B11553}"
EndProject
Project("{8BC9CEB8-8B4A-11D0-8D11-00A0C91BC942}") = "fmod_rnbo", "fmod_rnbo.vcxproj", "{24A355DB-36CC-44CE-B1FD-C2D771E96E87}"
EndProject
Global
	GlobalSection(SolutionConfigurationPlatforms) = preSolution
		Debug|ARM = Debug|ARM
		Debug|Win32 = Debug|Win32
		Debug|x64 = Debug|x64
		Release|ARM = Release|ARM
		Release|Win32 = Release|Win32
		Release|x64 = Release|x64
	EndGlobalSection
	GlobalSection(ProjectConfigurationPlatforms) = postSolution
		{ED778A05-5BCD-4AD1-9EDD-3883A41EFC60}.Debug|ARM.ActiveCfg = Debug|ARM
		{ED778A05-5BCD-4AD1-9EDD-3883A41EFC60}.Debug|ARM.Build.0 = Debug|ARM
		{ED778A05-5BCD-4AD1-9EDD-3883A41EFC60}.Debug|ARM.Deploy.0 = Debug|ARM
		{ED778A05-5BCD-4AD1-9EDD-3883A41EFC60}.Debug|Win32.ActiveCfg = Debug|Win32
		{ED778A05-5BCD-4AD1-9EDD-3883A41EFC60}.Debug|Win32.Build.0 = Debug|Win32
		{ED778A05-5BCD-4AD1-9EDD-3883A41EFC60}.Debug|Win32.Deploy.0 = Debug|Win32
		{ED778A05-5BCD-4AD1-9EDD-3883A41EFC60}.Debug|x64.ActiveCfg = Debug|x64
		{ED778A05-5BCD-4AD1-9EDD-3883A41EFC60}.Debug|x64.Build.0 = Debug|x64
		{ED778A05-5BCD-4AD1-9EDD-3883A41EFC60}.Debug|x64.Deploy.0 = Debug|x64
		{ED778A05-5BCD-4AD1-9EDD-3883A41EFC60}.Release|ARM.ActiveCfg = Release|ARM
		{ED778A05-5BCD-4AD1-9EDD-3883A41EFC60}.Release|ARM.Build.0 = Release|ARM
		{ED778A05-5BCD-4AD1-9EDD-3883A41EFC60}.Release|ARM.Deploy.0 = Release|ARM
		{ED778A05-5BCD-4AD1-9EDD-3883A41EFC60}.Release|Win32.ActiveCfg = Release|Win32
		{ED778A05-5BCD-4AD1-9EDD-3883A41EFC60}.Release|Win32.Build.0 = Release|Win32
		{ED778A05-5BCD-4AD1-9EDD-3883A41EFC60}.Release|Win32.Deploy.0 = Release|Win32
		{ED778A05-5BCD-4AD1-9EDD-3883A41EFC60}.Release|x64.ActiveCfg = Release|x64
		{ED778A05-5BCD-4AD1-9EDD-3883A41EFC60}.Release|x64.Build.0 = Release|x64
		{ED778A05-5BCD-4AD1-9EDD-3883A41EFC60}.Release|x64.Deploy.0 = Release|x64
		{3EEEE7DD-6739-4870-965E-FA0C85C85ABE}.Debug|ARM.ActiveCfg = Debug|ARM
		{3EEEE7DD-6739-4870-965E-FA0C85C85ABE}.Debug|ARM.Build.0 = Debug|ARM
		{3EEEE7DD-6739-4870-965E-FA0C85C85ABE}.Debug|ARM.Deploy.0 = Debug|ARM
		{3EEEE7DD-6739-4870-965E-FA0C85C85ABE}.Debug|Win32.ActiveCfg = Debug|Win32
		{3EEEE7DD-6739-4870-965E-FA0C85C85ABE}.Debug|Win32.Build.0 = Debug|Win32
		{3EEEE7DD-6739-4870-965E-FA0C85C85ABE}.Debug|Win32.Deploy.0 = Debug|Win32
		{3EEEE7DD-6739-4870-965E-FA0C85C85ABE}.Debug|x64.ActiveCfg = Debug|x64
		{3EEEE7DD-6739-4870-965E-FA0C85C85ABE}.Debug|x64.Build.0 = Debug|x64
		{3EEEE7DD-6739-4870-965E-FA0C85C85ABE}.Debug|x64.Deploy.0 = Debug|x64
		{3EEEE7DD-6739-4870-965E-FA0C85C85ABE}.Release|ARM.ActiveCfg = Release|ARM
		{3EEEE7DD-6739-4870-965E-FA0C85C85ABE}.Release|ARM.Build.0 = Release|ARM
		{3EEEE7DD-6739-4870-965E-FA0C85C85ABE}.Release|ARM.Deploy.0 = Release|ARM
		{3EEEE7DD-6739-4870-965E-FA0C85C85ABE}.Release|Win32.ActiveCfg = Release|Win32
		{3EEEE7DD-6739-4870-965E-FA0C85C85ABE}.Release|Win32.Build.0 = Release|Win32
		{3EEEE7DD-6739-4870-965E-FA0C85C85ABE}.Release|Win32.Deploy.0 = Release|Win32
		{3EEEE7DD-6739-4870-965E-FA0C85C85ABE}.Release|x64.ActiveCfg = Release|x64
		{3EEEE7DD-6739-4870-965E-FA0C85C85ABE}.Release|x64.Build.0 = Release|x64
		{3EEEE7DD-6739-4870-965E-FA0C85C85ABE}.Release|x64.Deploy.0 = Release|x64
		{C0606738-C816-4591-BD45-7B1164C09BD8}.Debug|ARM.ActiveCfg = Debug|ARM
		{C0606738-C816-4591-BD45-7B1164C09BD8}.Debug|ARM.Build.0 = Debug|ARM
		{C0606738-C816-4591-BD45-7B1164C09BD8}.Debug|ARM.Deploy.0 = Debug|ARM
		{C0606738-C816-4591-BD45-7B1164C09BD8}.Debug|Win32.ActiveCfg = Debug|Win32
		{C0606738-C816-4591-BD45-7B1164C09BD8}.Debug|Win32.Build.0 = Debug|Win32
		{C0606738-C816-4591-BD45-7B1164C09BD8}.Debug|Win32.Deploy.0 = Debug|Win32
		{C0606738-C816-4591-BD45-7B1164C09BD8}.Debug|x64.ActiveCfg = Debug|x64
		{C0606738-C816-4591-BD45-7B1164C09BD8}.Debug|x64.Build.0 = Debug|x64
		{C0606738-C816-4591-BD45-7B1164C09BD8}.Debug|x64.Deploy.0 = Debug|x64
		{C0606738-C816-4591-BD45-7B1164C09BD8}.Release|ARM.ActiveCfg = Release|ARM
		{C0606738-C816-4591-BD45-7B1164C09BD8}.Release|ARM.Build.0 = Release|ARM
		{C0606738-C816-4591-BD45-7B1164C09BD8}.Release|ARM.Deploy.0 = Release|ARM
		{C0606738-C816-4591-BD45-7B1164C09BD8}.Release|Win32.ActiveCfg = Release|Win32
		{C0606738-C816-4591-BD45-7B1164C09BD8}.Release|Win32.Build.0 = Release|Win32
		{C0606738-C816-4591-BD45-7B1164C09BD8}.Release|Win32.Deploy.0 = Release|Win32
		{C0606738-C816-4591-BD45-7B1164C09BD8}.Release|x64.ActiveCfg = Release|x64
		{C0606738-C816-4591-BD45-7B1164C09BD8}.Release|x64.Build.0 = Release|x64
		{C0606738-C816-4591-BD45-7B1164C09BD8}.Release|x64.Deploy.0 = Release|x64
		{B1E4C3F2-B94F-4E91-B409-AFA9F747B54A}.Debug|ARM.ActiveCfg = Debug|ARM
		{B1E4C3F2-B94F-4E91-B409-AFA9F747B54A}.Debug|ARM.Build.0 = Debug|ARM
		{B1E4C3F2-B94F-4E91-B409-AFA9F747B54A}.Debug|ARM.Deploy.0 = Debug|ARM
		{B1E4C3F2-B94F-4E91-B409-AFA9F747B54A}.Debug|Win32.ActiveCfg = Debug|Win32
		{B1E4C3F2-B94F-4E91-B409-AFA9F747B54A}.Debug|Win32.Build.0 = Debug|Win32
		{B1E4C3F2-B94F-4E91-B409-AFA9F747B54A}.Debug|Win32.Deploy.0 = Debug|Win32
		{B1E4C3F2-B94F-4E91-B409-AFA9F747B54A}.Debug|x64.ActiveCfg = Debug|x64
		{B1E4C3F2-B94F-4E91-B409-AFA9F747B54A}.Debug|x64.Build.0 = Debug|x64
		{B1E4C3F2-B94F-4E91-B409-AFA9F747B54A}.Debug|x64.Deploy.0 = Debug|x64
		{B1E4C3F2-B94F-4E91-B409-AFA9F747B54A}.Release|ARM.ActiveCfg = Release|ARM
		{B1E4C3F2-B94F-4E91-B409-AFA9F747B54A}.Release|ARM.Build.0 = Release|ARM
		{B1E4C3F2-B94F-4E91-B409-AFA9F747B54A}.Release|ARM.Deploy.0 = Release|ARM
		{B1E4C3F2-B94F-4E91-B409-AFA9F747B54A}.Release|Win32.ActiveCfg = Release|Win32
		{B1E4C3F2-B94F-4E91-B409-AFA9F747B54A}.Release|Win32.Build.0 = Release|Win32
		{B1E4C3F2-B94F-4E91-B409-AFA9F747B54A}.Release|Win32.Deploy.0 = Release|Win32
		{B1E4C3F2-B94F-4E91-B409-AFA9F747B54A}.Release|x64.ActiveCfg = Release|x64
		{B1E4C3F2-B94F-4E91-B409-AFA9F747B54A}.Release|x64.Build.0 = Release|x64
		{B1E4C3F2-B94F-4E91-B409-AFA9F747B54A}.Release|x64.Deploy.0 = Release|x64
		{CE8721D7-7471-40B7-8420-E4FE37CF3F7A}.Debug|ARM.ActiveCfg = Debug|ARM
		{CE8721D7-7471-40B7-8420-E4FE37CF3F7A}.Debug|ARM.Build.0 = Debug|ARM
		{CE8721D7-7471-40B7-8420-E4FE37CF3F7A}.Debug|ARM.Deploy.0 = Debug|ARM
		{CE8721D7-7471-40B7-8420-E4FE37CF3F7A}.Debug|Win32.ActiveCfg = Debug|Win32
		{CE8721D7-7471-40B7-8420-E4FE37CF3F7A}.Debug|Win32.Build.0 = Debug|Win32
		{CE8721D7-7471-40B7-8420-E4FE37CF3F7A}.Debug|Win32.Deploy.0 = Debug|Win32
		{CE8721D7-7471-40B7-8420-E4FE37CF3F7A}.Debug|x64.ActiveCfg = Debug|x64
		{CE8721D7-7471-40B7-8420-E4FE37CF3F7A}.Debug|x64.Build.0 = Debug|x64
		{CE8721D7-7471-40B7-8420-E4FE37CF3F7A}.Debug|x64.Deploy.0 = Debug|x64
		{CE8721D7-7471-40B7-8420-E4FE37CF3F7A}.Release|ARM.ActiveCfg = Release|ARM
		{CE8721D7-7471-40B7-8420-E4FE37CF3F7A}.Release|ARM.Build.0 = Release|ARM
		{CE8721D7-7471-40B7-8420-E4FE37CF3F7A}.Release|ARM.Deploy.0 = Release|ARM
		{CE8721D7-7471-40B7-8420-E4FE37CF3F7A}.Release|Win32.ActiveCfg = Release|Win32
		{CE8721D7-7471-40B7-8420-E4FE37CF3F7A}.Release|Win32.Build.0 = Release|Win32
		{CE8721D7-7471-40B7-8420-E4FE37CF3F7A}.Release|Win32.Deploy.0 = Release|Win32
		{CE8721D7-7471-40B7-8420-E4FE37CF3F7A}.Release|x64.ActiveCfg = Release|x64
		{CE8721D7-7471-40B7-8420-E4FE37CF3F7A}.Release|x64.Build.0 = Release|x64
		{CE8721D7-7471-40B7-8420-E4FE37CF3F7A}.Release|x64.Deploy.0 = Release|x64
		{A4F886D6-3046-4D67-B59A-ED2D6BAADB67}.Debug|ARM.ActiveCfg = Debug|ARM
		{A4F886D6-3046-4D67-B59A-ED2D6BAADB67}.Debug|ARM.Build.0 = Debug|ARM
		{A4F886D6-3046-4D67-B59A-ED2D6BAADB67}.Debug|ARM.Deploy.0 = Debug|ARM
		{A4F886D6-3046-4D67-B59A-ED2D6BAADB67}.Debug|Win32.ActiveCfg = Debug|Win32
		{A4F886D6-3046-4D67-B59A-ED2D6BAADB67}.Debug|Win32.Build.0 = Debug|Win32
		{A4F886D6-3046-4D67-B59A-ED2D6BAADB67}.Debug|Win32.Deploy.0 = Debug|Win32
		{A4F886D6-3046-4D67-B59A-ED2D6BAADB67}.Debug|x64.ActiveCfg = Debug|x64
		{A4F886D6-3046-4D67-B59A-ED2D6BAADB67}.Debug|x64.Build.0 = Debug|x64
		{A4F886D6-3046-4D67-B59A-ED2D6BAADB67}.Debug|x64.Deploy.0 = Debug|x64
		{A4F886D6-3046-4D67-B59A-ED2D6BAADB67}.Release|ARM.ActiveCfg = Release|ARM
		{A4F886D6-3046-4D67-B59A-ED2D6BAADB67}.Release|ARM.Build.0 = Release|ARM
		{A4F886D6-3046-4D67-B59A-ED2D6BAADB67}.Release|ARM.Deploy.0 = Release|ARM
		{A4F886D6-3046-4D67-B59A-ED2D6BAADB67}.Release|Win32.ActiveCfg = Release|Win32
		{A4F886D6-3046-4D67-B59A-ED2D6BAADB67}.Release|Win32.Build.0 = Release|Win32
		{A4F886D6-3046-4D67-B59A-ED2D6BAADB67}.Release|Win32.Deploy.0 = Release|Win32
		{A4F886D6-3046-4D67-B59A-ED2D6BAADB67}.Release|x64.ActiveCfg = Release|x64
		{A4F886D6-3046-4D67-B59A-ED2D6BAADB67}.Release|x64.Build.0 = Release|x64
		{A4F886D6-3046-4D67-B59A-ED2D6BAADB67}.Release|x64.Deploy.0 = Release|x64
		{C5020EB4-EE94-4DFF-A8B1-C26E961D45EE}.Debug|ARM.ActiveCfg = Debug|ARM
		{C5020EB4-EE94-4DFF-A8B1-C26E961D45EE}.Debug|ARM.Build.0 = Debug|ARM
		{C5020EB4-EE94-4DFF-A8B1-C26E961D45EE}.Debug|ARM.Deploy.0 = Debug|ARM
		{C5020EB4-EE94-4DFF-A8B1-C26E961D45EE}.Debug|Win32.ActiveCfg = Debug|Win32
		{C5020EB4-EE94-4DFF-A8B1-C26E961D45EE}.Debug|Win32.Build.0 = Debug|Win32
		{C5020EB4-EE94-4DFF-A8B1-C26E961D45EE}.Debug|Win32.Deploy.0 = Debug|Win32
		{C5020EB4-EE94-4DFF-A8B1-C26E961D45EE}.Debug|x64.ActiveCfg = Debug|x64
		{C5020EB4-EE94-4DFF-A8B1-C26E961D45EE}.Debug|x64.Build.0 = Debug|x64
		{C5020EB4-EE94-4DFF-A8B1-C26E961D45EE}.Debug|x64.Deploy.0 = Debug|x64
		{C5020EB4-EE94-4DFF-A8B1-C26E961D45EE}.Release|ARM.ActiveCfg = Release|ARM
		{C5020EB4-EE94-4DFF-A8B1-C26E961D45EE}.Release|ARM.Build.0 = Release|ARM
		{C5020EB4-EE94-4DFF-A8B1-C26E961D45EE}.Release|ARM.Deploy.0 = Release|ARM
		{C5020EB4-EE94-4DFF-A8B1-C26E961D45EE}.Release|Win32.ActiveCfg = Release|Win32
		{C5020EB4-EE94-4DFF-A8B1-C26E961D45EE}.Release|Win32.Build.0 = Release|Win32
		{C5020EB4-EE94-4DFF-A8B1-C26E961D45EE}.Release|Win32.Deploy.0 = Release|Win32
		{C5020EB4-EE94-4DFF-A8B1-C26E961D45EE}.Release|x64.ActiveCfg = Release|x64
		{C5020EB4-EE94-4DFF-A8B1-C26E961D45EE}.Release|x64.Build.0 = Release|x64
		{C5020EB4-EE94-4DFF-A8B1-C26E961D45EE}.Release|x64.Deploy.0 = Release|x64
		{BD4650A8-0688-46F2-8F24-020735E3D324}.Debug|ARM.ActiveCfg = Debug|ARM
		{BD4650A8-0688-46F2-8F24-020735E3D324}.Debug|ARM.Build.0 = Debug|ARM
		{BD4650A8-0688-46F2-8F24-020735E3D324}.Debug|ARM.Deploy.0 = Debug|ARM
		{BD4650A8-0688-46F2-8F24-020735E3D324}.Debug|Win32.ActiveCfg = Debug|Win32
		{BD4650A8-0688-46F2-8F24-020735E3D324}.Debug|Win32.Build.0 = Debug|Win32
		{BD4650A8-0688-46F2-8F24-020735E3D324}.Debug|Win32.Deploy.0 = Debug|Win32
		{BD4650A8-0688-46F2-8F24-020735E3D324}.Debug|x64.ActiveCfg = Debug|x64
		{BD4650A8-0688-46F2-8F24-020735E3D324}.Debug|x64.Build.0 = Debug|x64
		{BD4650A8-0688-46F2-8F24-020735E3D324}.Debug|x64.Deploy.0 = Debug|x64
		{BD4650A8-0688-46F2-8F24-020735E3D324}.Release|ARM.ActiveCfg = Release|ARM
		{BD4650A8-0688-46F2-8F24-020735E3D324}.Release|ARM.Build.0 = Release|ARM
		{BD4650A8-0688-46F2-8F24-020735E3D324}.Release|ARM.Deploy.0 = Release|ARM
		{BD4650A8-0688-46F2-8F24-020735E3D324}.Release|Win32.ActiveCfg = Release|Win32
		{BD4650A8-0688-46F2-8F24-020735E3D324}.Release|Win32.Build.0 = Release|Win32
		{BD4650A8-0688-46F2-8F24-020735E3D324}.Release|Win32.Deploy.0 = Release|Win32
		{BD4650A8-0688-46F2-8F24-020735E3D324}.Release|x64.ActiveCfg = Release|x64
		{BD4650A8-0688-46F2-8F24-020735E3D324}.Release|x64.Build.0 = Release|x64
		{BD4650A8-0688-46F2-8F24-020735E3D324}.Release|x64.Deploy.0 = Release|x64
		{B8D1A388-D285-48DB-9E5C-59873DC5F71B}.Debug|ARM.ActiveCfg = Debug|ARM
		{B8D1A388-D285-48DB-9E5C-59873DC5F71B}.Debug|ARM.Build.0 = Debug|ARM
		{B8D1A388-D285-48DB-9E5C-59873DC5F71B}.Debug|ARM.Deploy.0 = Debug|ARM
		{B8D1A388-D285-48DB-9E5C-59873DC5F71B}.Debug|Win32.ActiveCfg = Debug|Win32
		{B8D1A388-D285-48DB-9E5C-59873DC5F71B}.Debug|Win32.Build.0 = Debug|Win32
		{B8D1A388-D285-48DB-9E5C-59873DC5F71B}.Debug|Win32.Deploy.0 = Debug|Win32
		{B8D1A388-D285-48DB-9E5C-59873DC5F71B}.Debug|x64.ActiveCfg = Debug|x64
		{B8D1A388-D285-48DB-9E5C-59873DC5F71B}.Debug|x64.Build.0 = Debug|x64
		{B8D1A388-D285-48DB-9E5C-59873DC5F71B}.Debug|x64.Deploy.0 = Debug|x64
		{B8D1A388-D285-48DB-9E5C-59873DC5F71B}.Release|ARM.ActiveCfg = Release|ARM
		{B8D1A388-D285-48DB-9E5C-59873DC5F71B}.Release|ARM.Build.0 = Release|ARM
		{B8D1A388-D285-48DB-9E5C-59873DC5F71B}.Release|ARM.Deploy.0 = Release|ARM
		{B8D1A388-D285-48DB-9E5C-59873DC5F71B}.Release|Win32.ActiveCfg = Release|Win32
		{B8D1A388-D285-48DB-9E5C-59873DC5F71B}.Release|Win32.Build.0 = Release|Win32
		{B8D1A388-D285-48DB-9E5C-59873DC5F71B}.Release|Win32.Deploy.0 = Release|Win32
		{B8D1A388-D285-48DB-9E5C-59873DC5F71B}.Release|x64.ActiveCfg = Release|x64
		{B8D1A388-D285-48DB-9E5C-59873DC5F71B}.Release|x64.Build.0 = Release|x64
		{B8D1A388-D285-48DB-9E5C-59873DC5F71B}.Release|x64.Deploy.0 = Release|x64
		{60482E40-22D0-43B3-A408-A22A867353AE}.Debug|ARM.ActiveCfg = Debug|ARM
		{60482E40-22D0-43B3-A408-A22A867353AE}.Debug|ARM.Build.0 = Debug|ARM
		{60482E40-22D0-43B3-A408-A22A867353AE}.Debug|ARM.Deploy.0 = Debug|ARM
		{60482E40-22D0-43B3-A408-A22A867353AE}.Debug|Win32.ActiveCfg = Debug|Win32
		{60482E40-22D0-43B3-A408-A22A867353AE}.Debug|Win32.Build.0 = Debug|Win32
		{60482E40-22D0-43B3-A408-A22A867353AE}.Debug|Win32.Deploy.0 = Debug|Win32
		{60482E40-22D0-43B3-A408-A22A867353AE}.Debug|x64.ActiveCfg = Debug|x64
		{60482E40-22D0-43B3-A408-A22A867353AE}.Debug|x64.Build.0 = Debug|x64
		{60482E40-22D0-43B3-A408-A22A867353AE}.Debug|x64.Deploy.0 = Debug|x64
		{60482E40-22D0-43B3-A408-A22A867353AE}.Release|ARM.ActiveCfg = Release|ARM
		{60482E40-22D0-43B3-A408-A22A867353AE}.Release|ARM.Build.0 = Release|ARM
		{60482E40-22D0-43B3-A408-A22A867353AE}.Release|ARM.Deploy.0 = Release|ARM
		{60482E40-22D0-43B3-A408-A22A867353AE}.Release|Win32.ActiveCfg = Release|Win32
		{60482E40-22D0-43B3-A408-A22A867353AE}.Release|Win32.Build.0 = Release|Win32
		{60482E40-22D0-43B3-A408-A22A867353AE}.Release|Win32.Deploy.0 = Release|Win32
		{60482E40-22D0-43B3-A408-A22A867353AE}.Release|x64.ActiveCfg = Release|x64
		{60482E40-22D0-43B3-A408-A22A867353AE}.Release|x64.Build.0 = Release|x64
		{60482E40-22D0-43B3-A408-A22A867353AE}.Release|x64.Deploy.0 = Release|x64
		{5F606AE2-E619-4E7B-B3EF-6EE4823B6C2D}.Debug|ARM.ActiveCfg = Debug|ARM
		{5F606AE2-E619-4E7B-B3EF-6EE4823B6C2D}.Debug|ARM.Build.0 = Debug|ARM
		{5F606AE2-E619-4E7B-B3EF-6EE4823B6C2D}.Debug|ARM.Deploy.0 = Debug|ARM
		{5F606AE2-E619-4E7B-B3EF-6EE4823B6C2D}.Debug|Win32.ActiveCfg = Debug|Win32
		{5F606AE2-E619-4E7B-B3EF-6EE4823B6C2D}.Debug|Win32.Build.0 = Debug|Win32
		{5F606AE2-E619-4E7B-B3EF-6EE4823B6C2D}.Debug|Win32.Deploy.0 = Debug|Win32
		{5F606AE2-E619-4E7B-B3EF-6EE4823B6C2D}.Debug|x64.ActiveCfg = Debug|x64
		{5F606AE2-E619-4E7B-B3EF-6EE4823B6C2D}.Debug|x64.Build.0 = Debug|x64
		{5F606AE2-E619-4E7B-B3EF-6EE4823B6C2D}.Debug|x64.Deploy.0 = Debug|x64
		{5F606AE2-E619-4E7B-B3EF-6EE4823B6C2D}.Release|ARM.ActiveCfg = Release|ARM
		{5F606AE2-E619-4E7B-B3EF-6EE4823B6C2D}.Release|ARM.Build.0 = Release|ARM
		{5F606AE2-E619-4E7B-B3EF-6EE4823B6C2D}.Release|ARM.Deploy.0 = Release|ARM
		{5F606AE2-E619-4E7B-B3EF-6EE4823B6C2D}.Release|Win32.ActiveCfg = Release|Win32
		{5F606AE2-E619-4E7B-B3EF-6EE4823B6C2D}.Release|Win32.Build.0 = Release|Win32
		{5F606AE2-E619-4E7B-B3EF-6EE4823B6C2D}.Release|Win32.Deploy.0 = Release|Win32
		{5F606AE2-E619-4E7B-B3EF-6EE4823B6C2D}.Release|x64.ActiveCfg = Release|x64
		{5F606AE2-E619-4E7B-B3EF-6EE4823B6C2D}.Release|x64.Build.0 = Release|x64
		{5F606AE2-E619-4E7B-B3EF-6EE4823B6C2D}.Release|x64.Deploy.0 = Release|x64
		{D33476A9-1692-4E58-AE63-CB4B838590D9}.Debug|ARM.ActiveCfg = Debug|ARM
		{D33476A9-1692-4E58-AE63-CB4B838590D9}.Debug|ARM.Build.0 = Debug|ARM
		{D33476A9-1692-4E58-AE63-CB4B838590D9}.Debug|ARM.Deploy.0 = Debug|ARM
		{D33476A9-1692-4E58-AE63-CB4B838590D9}.Debug|Win32.ActiveCfg = Debug|Win32
		{D33476A9-1692-4E58-AE63-CB4B838590D9}.Debug|Win32.Build.0 = Debug|Win32
		{D33476A9-1692-4E58-AE63-CB4B838590D9}.Debug|Win32.Deploy.0 = Debug|Win32
		{D33476A9-1692-4E58-AE63-CB4B838590D9}.Debug|x64.ActiveCfg = Debug|x64
		{D33476A9-1692-4E58-AE63-CB4B838590D9}.Debug|x64.Build.0 = Debug|x64
		{D33476A9-1692-4E58-AE63-CB4B838590D9}.Debug|x64.Deploy.0 = Debug|x64
		{D33476A9-1692-4E58-AE63-CB4B838590D9}.Release|ARM.ActiveCfg = Release|ARM
		{D33476A9-1692-4E58-AE63-CB4B838590D9}.Release|ARM.Build.0 = Release|ARM
		{D33476A9-1692-4E58-AE63-CB4B838590D9}.Release|ARM.Deploy.0 = Release|ARM
		{D33476A9-1692-4E58-AE63-CB4B838590D9}.Release|Win32.ActiveCfg = Release|Win32
		{D33476A9-1692-4E58-AE63-CB4B838590D9}.Release|Win32.Build.0 = Release|Win32
		{D33476A9-1692-4E58-AE63-CB4B838590D9}.Release|Win32.Deploy.0 = Release|Win32
		{D33476A9-1692-4E58-AE63-CB4B838590D9}.Release|x64.ActiveCfg = Release|x64
		{D33476A9-1692-4E58-AE63-CB4B838590D9}.Release|x64.Build.0 = Release|x64
		{D33476A9-1692-4E58-AE63-CB4B838590D9}.Release|x64.Deploy.0 = Release|x64
		{5D83C8D1-3FDB-4F57-9B0D-93B1B545EB9B}.Debug|ARM.ActiveCfg = Debug|ARM
		{5D83C8D1-3FDB-4F57-9B0D-93B1B545EB9B}.Debug|ARM.Build.0 = Debug|ARM
		{5D83C8D1-3FDB-4F57-9B0D-93B1B545EB9B}.Debug|ARM.Deploy.0 = Debug|ARM
		{5D83C8D1-3FDB-4F57-9B0D-93B1B545EB9B}.Debug|Win32.ActiveCfg = Debug|Win32
		{5D83C8D1-3FDB-4F57-9B0D-93B1B545EB9B}.Debug|Win32.Build.0 = Debug|Win32
		{5D83C8D1-3FDB-4F57-9B0D-93B1B545EB9B}.Debug|Win32.Deploy.0 = Debug|Win32
		{5D83C8D1-3FDB-4F57-9B0D-93B1B545EB9B}.Debug|x64.ActiveCfg = Debug|x64
		{5D83C8D1-3FDB-4F57-9B0D-93B1B545EB9B}.Debug|x64.Build.0 = Debug|x64
		{5D83C8D1-3FDB-4F57-9B0D-93B1B545EB9B}.Debug|x64.Deploy.0 = Debug|x64
		{5D83C8D1-3FDB-4F57-9B0D-93B1B545EB9B}.Release|ARM.ActiveCfg = Release|ARM
		{5D83C8D1-3FDB-4F57-9B0D-93B1B545EB9B}.Release|ARM.Build.0 = Release|ARM
		{5D83C8D1-3FDB-4F57-9B0D-93B1B545EB9B}.Release|ARM.Deploy.0 = Release|ARM
		{5D83C8D1-3FDB-4F57-9B0D-93B1B545EB9B}.Release|Win32.ActiveCfg = Release|Win32
		{5D83C8D1-3FDB-4F57-9B0D-93B1B545EB9B}.Release|Win32.Build.0 = Release|Win32
		{5D83C8D1-3FDB-4F57-9B0D-93B1B545EB9B}.Release|Win32.Deploy.0 = Release|Win32
		{5D83C8D1-3FDB-4F57-9B0D-93B1B545EB9B}.Release|x64.ActiveCfg = Release|x64
		{5D83C8D1-3FDB-4F57-9B0D-93B1B545EB9B}.Release|x64.Build.0 = Release|x64
		{5D83C8D1-3FDB-4F57-9B0D-93B1B545EB9B}.Release|x64.Deploy.0 = Release|x64
		{3DC99C58-C045-4021-B96E-081D9F3BE828}.Debug|ARM.ActiveCfg = Debug|ARM
		{3DC99C58-C045-4021-B96E-081D9F3BE828}.Debug|ARM.Build.0 = Debug|ARM
		{3DC99C58-C045-4021-B96E-081D9F3BE828}.Debug|ARM.Deploy.0 = Debug|ARM
		{3DC99C58-C045-4021-B96E-081D9F3BE828}.Debug|Win32.ActiveCfg = Debug|Win32
		{3DC99C58-C045-4021-B96E-081D9F3BE828}.Debug|Win32.Build.0 = Debug|Win32
		{3DC99C58-C045-4021-B96E-081D9F3BE828}.Debug|Win32.Deploy.0 = Debug|Win32
		{3DC99C58-C045-4021-B96E-081D9F3BE828}.Debug|x64.ActiveCfg = Debug|x64
		{3DC99C58-C045-4021-B96E-081D9F3BE828}.Debug|x64.Build.0 = Debug|x64
		{3DC99C58-C045-4021-B96E-081D9F3BE828}.Debug|x64.Deploy.0 = Debug|x64
		{3DC99C58-C045-4021-B96E-081D9F3BE828}.Release|ARM.ActiveCfg = Release|ARM
		{3DC99C58-C045-4021-B96E-081D9F3BE828}.Release|ARM.Build.0 = Release|ARM
		{3DC99C58-C045-4021-B96E-081D9F3BE828}.Release|ARM.Deploy.0 = Release|ARM
		{3DC99C58-C045-4021-B96E-081D9F3BE828}.Release|Win32.ActiveCfg = Release|Win32
		{3DC99C58-C045-4021-B96E-081D9F3BE828}.Release|Win32.Build.0 = Release|Win32
		{3DC99C58-C045-4021-B96E-081D9F3BE828}.Release|Win32.Deploy.0 = Release|Win32
		{3DC99C58-C045-4021-B96E-081D9F3BE828}.Release|x64.ActiveCfg = Release|x64
		{3DC99C58-C045-4021-B96E-081D9F3BE828}.Release|x64.Build.0 = Release|x64
		{3DC99C58-C045-4021-B96E-081D9F3BE828}.Release|x64.Deploy.0 = Release|x64
		{B328549B-9408-4399-AF5D-21BFF9DC83C2}.Debug|ARM.ActiveCfg = Debug|ARM
		{B328549B-9408-4399-AF5D-21BFF9DC83C2}.Debug|ARM.Build.0 = Debug|ARM
		{B328549B-9408-4399-AF5D-21BFF9DC83C2}.Debug|ARM.Deploy.0 = Debug|ARM
		{B328549B-9408-4399-AF5D-21BFF9DC83C2}.Debug|Win32.ActiveCfg = Debug|Win32
		{B328549B-9408-4399-AF5D-21BFF9DC83C2}.Debug|Win32.Build.0 = Debug|Win32
		{B328549B-9408-4399-AF5D-21BFF9DC83C2}.Debug|Win32.Deploy.0 = Debug|Win32
		{B328549B-9408-4399-AF5D-21BFF9DC83C2}.Debug|x64.ActiveCfg = Debug|x64
		{B328549B-9408-4399-AF5D-21BFF9DC83C2}.Debug|x64.Build.0 = Debug|x64
		{B328549B-9408-4399-AF5D-21BFF9DC83C2}.Debug|x64.Deploy.0 = Debug|x64
		{B328549B-9408-4399-AF5D-21BFF9DC83C2}.Release|ARM.ActiveCfg = Release|ARM
		{B328549B-9408-4399-AF5D-21BFF9DC83C2}.Release|ARM.Build.0 = Release|ARM
		{B328549B-9408-4399-AF5D-21BFF9DC83C2}.Release|ARM.Deploy.0 = Release|ARM
		{B328549B-9408-4399-AF5D-21BFF9DC83C2}.Release|Win32.ActiveCfg = Release|Win32
		{B328549B-9408-4399-AF5D-21BFF9DC83C2}.Release|Win32.Build.0 = Release|Win32
		{B328549B-9408-4399-AF5D-21BFF9DC83C2}.Release|Win32.Deploy.0 = Release|Win32
		{B328549B-9408-4399-AF5D-21BFF9DC83C2}.Release|x64.ActiveCfg = Release|x64
		{B328549B-9408-4399-AF5D-21BFF9DC83C2}.Release|x64.Build.0 = Release|x64
		{B328549B-9408-4399-AF5D-21BFF9DC83C2}.Release|x64.Deploy.0 = Release|x64
		{1360E23C-4200-4E5F-B861-3ABFEFB52211}.Debug|ARM.ActiveCfg = Debug|ARM
		{1360E23C-4200-4E5F-B861-3ABFEFB52211}.Debug|ARM.Build.0 = Debug|ARM
		{1360E23C-4200-4E5F-B861-3ABFEFB52211}.Debug|ARM.Deploy.0 = Debug|ARM
		{1360E23C-4200-4E5F-B861-3ABFEFB52211}.Debug|Win32.ActiveCfg = Debug|Win32
		{1360E23C-4200-4E5F-B861-3ABFEFB52211}.Debug|Win32.Build.0 = Debug|Win32
		{1360E23C-4200-4E5F-B861-3ABFEFB52211}.Debug|Win32.Deploy.0 = Debug|Win32
		{1360E23C-4200-4E5F-B861-3ABFEFB52211}.Debug|x64.ActiveCfg = Debug|x64
		{1360E23C-4200-4E5F-B861-3ABFEFB52211}.Debug|x64.Build.0 = Debug|x64
		{1360E23C-4200-4E5F-B861-3ABFEFB52211}.Debug|x64.Deploy.0 = Debug|x64
		{1360E23C-4200-4E5F-B861-3ABFEFB52211}.Release|ARM.ActiveCfg = Release|ARM
		{1360E23C-4200-4E5F-B861-3ABFEFB52211}.Release|ARM.Build.0 = Release|ARM
		{1360E23C-4200-4E5F-B861-3ABFEFB52211}.Release|ARM.Deploy.0 = Release|ARM
		{1360E23C-4200-4E5F-B861-3ABFEFB52211}.Release|Win32.ActiveCfg = Release|Win32
		{1360E23C-4200-4E5F-B861-3ABFEFB52211}.Release|Win32.Build.0 = Release|Win32
		{1360E23C-4200-4E5F-B861-3ABFEFB52211}.Release|Win32.Deploy.0 = Release|Win32
		{1360E23C-4200-4E5F-B861-3ABFEFB52211}.Release|x64.ActiveCfg = Release|x64
		{1360E23C-4200-4E5F-B861-3ABFEFB52211}.Release|x64.Build.0 = Release|x64
		{1360E23C-4200-4E5F-B861-3ABFEFB52211}.Release|x64.Deploy.0 = Release|x64
		{99AFE8E1-C190-4CE1-8F29-295031A2DC9A}.Debug|ARM.ActiveCfg = Debug|ARM
		{99AFE8E1-C190-4CE1-8F29-295031A2DC9A}.Debug|ARM.Build.0 = Debug|ARM
		{99AFE8E1-C190-4CE1-8F29-295031A2DC9A}.Debug|ARM.Deploy.0 = Debug|ARM
		{99AFE8E1-C190-4CE1-8F29-295031A2DC9A}.Debug|Win32.ActiveCfg = Debug|Win32
		{99AFE8E1-C190-4CE1-8F29-295031A2DC9A}.Debug|Win32.Build.0 = Debug|Win32
		{99AFE8E1-C190-4CE1-8F29-295031A2DC9A}.Debug|Win32.Deploy.0 = Debug|Win32
		{99AFE8E1-C190-4CE1-8F29-295031A2DC9A}.Debug|x64.ActiveCfg = Debug|x64
		{99AFE8E1-C190-4CE1-8F29-295031A2DC9A}.Debug|x64.Build.0 = Debug|x64
		{99AFE8E1-C190-4CE1-8F29-295031A2DC9A}.Debug|x64.Deploy.0 = Debug|x64
		{99AFE8E1-C190-4CE1-8F29-295031A2DC9A}.Release|ARM.ActiveCfg = Release|ARM
		{99AFE8E1-C190-4CE1-8F29-295031A2DC9A}.Release|ARM.Build.0 = Release|ARM
		{99AFE8E1-C190-4CE1-8F29-295031A2DC9A}.Release|ARM.Deploy.0 = Release|ARM
		{99AFE8E1-C190-4CE1-8F29-295031A2DC9A}.Release|Win32.ActiveCfg = Release|Win32
		{99AFE8E1-C190-4CE1-8F29-295031A2DC9A}.Release|Win32.Build.0 = Release|Win32
		{99AFE8E1-C190-4CE1-8F29-295031A2DC9A}.Release|Win32.Deploy.0 = Release|Win32
		{99AFE8E1-C190-4CE1-8F29-295031A2DC9A}.Release|x64.ActiveCfg = Release|x64
		{99AFE8E1-C190-4CE1-8F29-295031A2DC9A}.Release|x64.Build.0 = Release|x64
		{99AFE8E1-C190-4CE1-8F29-295031A2DC9A}.Release|x64.Deploy.0 = Release|x64
		{32EF1B2E-EAA1-4D17-BD0C-59924E332977}.Debug|ARM.ActiveCfg = Debug|ARM
		{32EF1B2E-EAA1-4D17-BD0C-59924E332977}.Debug|ARM.Build.0 = Debug|ARM
		{32EF1B2E-EAA1-4D17-BD0C-59924E332977}.Debug|ARM.Deploy.0 = Debug|ARM
		{32EF1B2E-EAA1-4D17-BD0C-59924E332977}.Debug|Win32.ActiveCfg = Debug|Win32
		{32EF1B2E-EAA1-4D17-BD0C-59924E332977}.Debug|Win32.Build.0 = Debug|Win32
		{32EF1B2E-EAA1-4D17-BD0C-59924E332977}.Debug|Win32.Deploy.0 = Debug|Win32
		{32EF1B2E-EAA1-4D17-BD0C-59924E332977}.Debug|x64.ActiveCfg = Debug|x64
		{32EF1B2E-EAA1-4D17-BD0C-59924E332977}.Debug|x64.Build.0 = Debug|x64
		{32EF1B2E-EAA1-4D17-BD0C-59924E332977}.Debug|x64.Deploy.0 = Debug|x64
		{32EF1B2E-EAA1-4D17-BD0C-59924E332977}.Release|ARM.ActiveCfg = Release|ARM
		{32EF1B2E-EAA1-4D17-BD0C-59924E332977}.Release|ARM.Build.0 = Release|ARM
		{32EF1B2E-EAA1-4D17-BD0C-59924E332977}.Release|ARM.Deploy.0 = Release|ARM
		{32EF1B2E-EAA1-4D17-BD0C-59924E332977}.Release|Win32.ActiveCfg = Release|Win32
		{32EF1B2E-EAA1-4D17-BD0C-59924E332977}.Release|Win32.Build.0 = Release|Win32
		{32EF1B2E-EAA1-4D17-BD0C-59924E332977}.Release|Win32.Deploy.0 = Release|Win32
		{32EF1B2E-EAA1-4D17-BD0C-59924E332977}.Release|x64.ActiveCfg = Release|x64
		{32EF1B2E-EAA1-4D17-BD0C-59924E332977}.Release|x64.Build.0 = Release|x64
		{32EF1B2E-EAA1-4D17-BD0C-59924E332977}.Release|x64.Deploy.0 = Release|x64
		{0682829F-6063-437F-B548-8F84B3249984}.Debug|ARM.ActiveCfg = Debug|ARM
		{0682829F-6063-437F-B548-8F84B3249984}.Debug|ARM.Build.0 = Debug|ARM
		{0682829F-6063-437F-B548-8F84B3249984}.Debug|ARM.Deploy.0 = Debug|ARM
		{0682829F-6063-437F-B548-8F84B3249984}.Debug|Win32.ActiveCfg = Debug|Win32
		{0682829F-6063-437F-B548-8F84B3249984}.Debug|Win32.Build.0 = Debug|Win32
		{0682829F-6063-437F-B548-8F84B3249984}.Debug|Win32.Deploy.0 = Debug|Win32
		{0682829F-6063-437F-B548-8F84B3249984}.Debug|x64.ActiveCfg = Debug|x64
		{0682829F-6063-437F-B548-8F84B3249984}.Debug|x64.Build.0 = Debug|x64
		{0682829F-6063-437F-B548-8F84B3249984}.Debug|x64.Deploy.0 = Debug|x64
		{0682829F-6063-437F-B548-8F84B3249984}.Release|ARM.ActiveCfg = Release|ARM
		{0682829F-6063-437F-B548-8F84B3249984}.Release|ARM.Build.0 = Release|ARM
		{0682829F-6063-437F-B548-8F84B3249984}.Release|ARM.Deploy.0 = Release|ARM
		{0682829F-6063-437F-B548-8F84B3249984}.Release|Win32.ActiveCfg = Release|Win32
		{0682829F-6063-437F-B548-8F84B3249984}.Release|Win32.Build.0 = Release|Win32
		{0682829F-6063-437F-B548-8F84B3249984}.Release|Win32.Deploy.0 = Release|Win32
		{0682829F-6063-437F-B548-8F84B3249984}.Release|x64.ActiveCfg = Release|x64
		{0682829F-6063-437F-B548-8F84B3249984}.Release|x64.Build.0 = Release|x64
		{0682829F-6063-437F-B548-8F84B3249984}.Release|x64.Deploy.0 = Release|x64
		{A6F47918-ACAE-40D3-A8A6-6AECE6443965}.Debug|ARM.ActiveCfg = Debug|ARM
		{A6F47918-ACAE-40D3-A8A6-6AECE6443965}.Debug|ARM.Build.0 = Debug|ARM
		{A6F47918-ACAE-40D3-A8A6-6AECE6443965}.Debug|ARM.Deploy.0 = Debug|ARM
		{A6F47918-ACAE-40D3-A8A6-6AECE6443965}.Debug|Win32.ActiveCfg = Debug|Win32
		{A6F47918-ACAE-40D3-A8A6-6AECE6443965}.Debug|Win32.Build.0 = Debug|Win32
		{A6F47918-ACAE-40D3-A8A6-6AECE6443965}.Debug|Win32.Deploy.0 = Debug|Win32
		{A6F47918-ACAE-40D3-A8A6-6AECE6443965}.Debug|x64.ActiveCfg = Debug|x64
		{A6F47918-ACAE-40D3-A8A6-6AECE6443965}.Debug|x64.Build.0 = Debug|x64
		{A6F47918-ACAE-40D3-A8A6-6AECE6443965}.Debug|x64.Deploy.0 = Debug|x64
		{A6F47918-ACAE-40D3-A8A6-6AECE6443965}.Release|ARM.ActiveCfg = Release|ARM
		{A6F47918-ACAE-40D3-A8A6-6AECE6443965}.Release|ARM.Build.0 = Release|ARM
		{A6F47918-ACAE-40D3-A8A6-6AECE6443965}.Release|ARM.Deploy.0 = Release|ARM
		{A6F47918-ACAE-40D3-A8A6-6AECE6443965}.Release|Win32.ActiveCfg = Release|Win32
		{A6F47918-ACAE-40D3-A8A6-6AECE6443965}.Release|Win32.Build.0 = Release|Win32
		{A6F47918-ACAE-40D3-A8A6-6AECE6443965}.Release|Win32.Deploy.0 = Release|Win32
		{A6F47918-ACAE-40D3-A8A6-6AECE6443965}.Release|x64.ActiveCfg = Release|x64
		{A6F47918-ACAE-40D3-A8A6-6AECE6443965}.Release|x64.Build.0 = Release|x64
		{A6F47918-ACAE-40D3-A8A6-6AECE6443965}.Release|x64.Deploy.0 = Release|x64
		{B95F3580-28FE-482B-AEC7-31B1227233ED}.Debug|ARM.ActiveCfg = Debug|ARM
		{B95F3580-28FE-482B-AEC7-31B1227233ED}.Debug|ARM.Build.0 = Debug|ARM
		{B95F3580-28FE-482B-AEC7-31B1227233ED}.Debug|ARM.Deploy.0 = Debug|ARM
		{B95F3580-28FE-482B-AEC7-31B1227233ED}.Debug|Win32.ActiveCfg = Debug|Win32
		{B95F3580-28FE-482B-AEC7-31B1227233ED}.Debug|Win32.Build.0 = Debug|Win32
		{B95F3580-28FE-482B-AEC7-31B1227233ED}.Debug|Win32.Deploy.0 = Debug|Win32
		{B95F3580-28FE-482B-AEC7-31B1227233ED}.Debug|x64.ActiveCfg = Debug|x64
		{B95F3580-28FE-482B-AEC7-31B1227233ED}.Debug|x64.Build.0 = Debug|x64
		{B95F3580-28FE-482B-AEC7-31B1227233ED}.Debug|x64.Deploy.0 = Debug|x64
		{B95F3580-28FE-482B-AEC7-31B1227233ED}.Release|ARM.ActiveCfg = Release|ARM
		{B95F3580-28FE-482B-AEC7-31B1227233ED}.Release|ARM.Build.0 = Release|ARM
		{B95F3580-28FE-482B-AEC7-31B1227233ED}.Release|ARM.Deploy.0 = Release|ARM
		{B95F3580-28FE-482B-AEC7-31B1227233ED}.Release|Win32.ActiveCfg = Release|Win32
		{B95F3580-28FE-482B-AEC7-31B1227233ED}.Release|Win32.Build.0 = Release|Win32
		{B95F3580-28FE-482B-AEC7-31B1227233ED}.Release|Win32.Deploy.0 = Release|Win32
		{B95F3580-28FE-482B-AEC7-31B1227233ED}.Release|x64.ActiveCfg = Release|x64
		{B95F3580-28FE-482B-AEC7-31B1227233ED}.Release|x64.Build.0 = Release|x64
		{B95F3580-28FE-482B-AEC7-31B1227233ED}.Release|x64.Deploy.0 = Release|x64
		{416A69B2-CA55-47A3-AA6F-B6CD453FEE68}.Debug|ARM.ActiveCfg = Debug|ARM
		{416A69B2-CA55-47A3-AA6F-B6CD453FEE68}.Debug|ARM.Build.0 = Debug|ARM
		{416A69B2-CA55-47A3-AA6F-B6CD453FEE68}.Debug|ARM.Deploy.0 = Debug|ARM
		{416A69B2-CA55-47A3-AA6F-B6CD453FEE68}.Debug|Win32.ActiveCfg = Debug|Win32
		{416A69B2-CA55-47A3-AA6F-B6CD453FEE68}.Debug|Win32.Build.0 = Debug|Win32
		{416A69B2-CA55-47A3-AA6F-B6CD453FEE68}.Debug|Win32.Deploy.0 = Debug|Win32
		{416A69B2-CA55-47A3-AA6F-B6CD453FEE68}.Debug|x64.ActiveCfg = Debug|x64
		{416A69B2-CA55-47A3-AA6F-B6CD453FEE68}.Debug|x64.Build.0 = Debug|x64
		{416A69B2-CA55-47A3-AA6F-B6CD453FEE68}.Debug|x64.Deploy.0 = Debug|x64
		{416A69B2-CA55-47A3-AA6F-B6CD453FEE68}.Release|ARM.ActiveCfg = Release|ARM
		{416A69B2-CA55-47A3-AA6F-B6CD453FEE68}.Release|ARM.Build.0 = Release|ARM
		{416A69B2-CA55-47A3-AA6F-B6CD453FEE68}.Release|ARM.Deploy.0 = Release|ARM
		{416A69B2-CA55-47A3-AA6F-B6CD453FEE68}.Release|Win32.ActiveCfg = Release|Win32
		{416A69B2-CA55-47A3-AA6F-B6CD453FEE68}.Release|Win32.Build.0 = Release|Win32
		{416A69B2-CA55-47A3-AA6F-B6CD453FEE68}.Release|Win32.Deploy.0 = Release|Win32
		{416A69B2-CA55-47A3-AA6F-B6CD453FEE68}.Release|x64.ActiveCfg = Release|x64
		{416A69B2-CA55-47A3-AA6F-B6CD453FEE68}.Release|x64.Build.0 = Release|x64
		{416A69B2-CA55-47A3-AA6F-B6CD453FEE68}.Release|x64.Deploy.0 = Release|x64
		{D49D8EB2-4907-4FFB-AE87-8C0D673A9B06}.Debug|ARM.ActiveCfg = Debug|ARM
		{D49D8EB2-4907-4FFB-AE87-8C0D673A9B06}.Debug|ARM.Build.0 = Debug|ARM
		{D49D8EB2-4907-4FFB-AE87-8C0D673A9B06}.Debug|ARM.Deploy.0 = Debug|ARM
		{D49D8EB2-4907-4FFB-AE87-8C0D673A9B06}.Debug|Win32.ActiveCfg = Debug|Win32
		{D49D8EB2-4907-4FFB-AE87-8C0D673A9B06}.Debug|Win32.Build.0 = Debug|Win32
		{D49D8EB2-4907-4FFB-AE87-8C0D673A9B06}.Debug|Win32.Deploy.0 = Debug|Win32
		{D49D8EB2-4907-4FFB-AE87-8C0D673A9B06}.Debug|x64.ActiveCfg = Debug|x64
		{D49D8EB2-4907-4FFB-AE87-8C0D673A9B06}.Debug|x64.Build.0 = Debug|x64
		{D49D8EB2-4907-4FFB-AE87-8C0D673A9B06}.Debug|x64.Deploy.0 = Debug|x64
		{D49D8EB2-4907-4FFB-AE87-8C0D673A9B06}.Release|ARM.ActiveCfg = Release|ARM
		{D49D8EB2-4907-4FFB-AE87-8C0D673A9B06}.Release|ARM.Build.0 = Release|ARM
		{D49D8EB2-4907-4FFB-AE87-8C0D673A9B06}.Release|ARM.Deploy.0 = Release|ARM
		{D49D8EB2-4907-4FFB-AE87-8C0D673A9B06}.Release|Win32.ActiveCfg = Release|Win32
		{D49D8EB2-4907-4FFB-AE87-8C0D673A9B06}.Release|Win32.Build.0 = Release|Win32
		{D49D8EB2-4907-4FFB-AE87-8C0D673A9B06}.Release|Win32.Deploy.0 = Release|Win32
		{D49D8EB2-4907-4FFB-AE87-8C0D673A9B06}.Release|x64.ActiveCfg = Release|x64
		{D49D8EB2-4907-4FFB-AE87-8C0D673A9B06}.Release|x64.Build.0 = Release|x64
		{D49D8EB2-4907-4FFB-AE87-8C0D673A9B06}.Release|x64.Deploy.0 = Release|x64
		{DF02C618-0A13-4938-8E74-60B173B11553}.Debug|ARM.ActiveCfg = Debug|ARM
		{DF02C618-0A13-4938-8E74-60B173B11553}.Debug|ARM.Build.0 = Debug|ARM
		{DF02C618-0A13-4938-8E74-60B173B11553}.Debug|ARM.Deploy.0 = Debug|ARM
		{DF02C618-0A13-4938-8E74-60B173B11553}.Debug|Win32.ActiveCfg = Debug|Win32
		{DF02C618-0A13-4938-8E74-60B173B11553}.Debug|Win32.Build.0 = Debug|Win32
		{DF02C618-0A13-4938-8E74-60B173B11553}.Debug|Win32.Deploy.0 = Debug|Win32
		{DF02C618-0A13-4938-8E74-60B173B11553}.Debug|x64.ActiveCfg = Debug|x64
		{DF02C618-0A13-4938-8E74-60B173B11553}.Debug|x64.Build.0 = Debug|x64
		{DF02C618-0A13-4938-8E74-60B173B11553}.Debug|x64.Deploy.0 = Debug|x64
		{DF02C618-0A13-4938-8E74-60B173B11553}.Release|ARM.ActiveCfg = Release|ARM
		{DF02C618-0A13-4938-8E74-60B173B11553}.Release|ARM.Build.0 = Release|ARM
		{DF02C618-0A13-4938-8E74-60B173B11553}.Release|ARM.Deploy.0 = Release|ARM
		{DF02C618-0A13-4938-8E74-60B173B11553}.Release|Win32.ActiveCfg = Release|Win32
		{DF02C618-0A13-4938-8E74-60B173B11553}.Release|Win32.Build.0 = Release|Win32
		{DF02C618-0A13-4938-8E74-60B173B11553}.Release|Win32.Deploy.0 = Release|Win32
		{DF02C618-0A13-4938-8E74-60B173B11553}.Release|x64.ActiveCfg = Release|x64
		{DF02C618-0A13-4938-8E74-60B173B11553}.Release|x64.Build.0 = Release|x64
		{DF02C618-0A13-4938-8E74-60B173B11553}.Release|x64.Deploy.0 = Release|x64
		{24A355DB-36CC-44CE-B1FD-C2D771E96E87}.Debug|ARM.ActiveCfg = Debug|ARM
		{24A355DB-36CC-44CE-B1FD-C2D771E96E87}.Debug|ARM.Build.0 = Debug|ARM
		{24A355DB-36CC-44CE-B1FD-C2D771E96E87}.Debug|ARM.Deploy.0 = Debug|ARM
		{24A355DB-36CC-44CE-B1FD-C2D771E96E87}.Debug|Win32.ActiveCfg = Debug|Win32
		{24A355DB-36CC-44CE-B1FD-C2D771E96E87}.Debug|Win32.Build.0 = Debug|Win32
		{24A355DB-36CC-44CE-B1FD-C2D771E96E87}.Debug|Win32.Deploy.0 = Debug|Win32
		{24A355DB-36CC-44CE-B1FD-C2D771E96E87}.Debug|x64.ActiveCfg = Debug|x64
		{24A355DB-36CC-44CE-B1FD-C2D771E96E87}.Debug|x64.Build.0 = Debug|x64
		{24A355DB-36CC-44CE-B1FD-C2D771E96E87}.Debug|x64.Deploy.0 = Debug|x64
		{24A355DB-36CC-44CE-B1FD-C2D771E96E87}.Release|ARM.ActiveCfg = Release|ARM
		{24A355DB-36CC-44CE-B1FD-C2D771E96E87}.Release|ARM.Build.0 = Release|ARM
		{24A355DB-36CC-44CE-B1FD-C2D771E96E87}.Release|ARM.Deploy.0 = Release|ARM
		{24A355DB-36CC-44CE-B1FD-C2D771E96E87}.Release|Win32.ActiveCfg = Release|Win32
		{24A355DB-36CC-44CE-B1FD-C2D771E96E87}.Release|Win32.Build.0 = Release|Win32
		{24A355DB-36CC-44CE-B1FD-C2D771E96E87}.Release|Win32.Deploy.0 = Release|Win32
		{24A355DB-36CC-44CE-B1FD-C2D771E96E87}.Release|x64.ActiveCfg = Release|x64
		{24A355DB-36CC-44CE-B1FD-C2D771E96E87}.Release|x64.Build.0 = Release|x64
		{24A355DB-36CC-44CE-B1FD-C2D771E96E87}.Release|x64.Deploy.0 = Release|x64
	EndGlobalSection
	GlobalSection(SolutionProperties) = preSolution
		HideSolutionNode = FALSE
	EndGlobalSection
EndGlobal
