
Microsoft Visual Studio Solution File, Format Version 11.00
# Visual Studio Version 16
Project("{8BC9CEB8-8B4A-11D0-8D11-00A0C91BC942}") = "3d", "3d.vcxproj", "{06AFCDB7-789A-418E-B555-7C3C47BC3584}"
EndProject
Project("{8BC9CEB8-8B4A-11D0-8D11-00A0C91BC942}") = "3d_multi", "3d_multi.vcxproj", "{40048070-263F-4A11-97B4-478E318318B6}"
EndProject
Project("{8BC9CEB8-8B4A-11D0-8D11-00A0C91BC942}") = "event_parameter", "event_parameter.vcxproj", "{326D3ED7-3017-4746-BDA7-881123FBC252}"
EndProject
Project("{8BC9CEB8-8B4A-11D0-8D11-00A0C91BC942}") = "load_banks", "load_banks.vcxproj", "{AF2350CF-6398-4261-A007-1664FB4C9852}"
EndProject
Project("{8BC9CEB8-8B4A-11D0-8D11-00A0C91BC942}") = "music_callbacks", "music_callbacks.vcxproj", "{E1828844-C9EE-42A8-BB60-E9D190ED52B9}"
EndProject
Project("{8BC9CEB8-8B4A-11D0-8D11-00A0C91BC942}") = "objectpan", "objectpan.vcxproj", "{3E97E2F2-A1CA-44CA-9B44-19806C8B2EB8}"
EndProject
Project("{8BC9CEB8-8B4A-11D0-8D11-00A0C91BC942}") = "programmer_sound", "programmer_sound.vcxproj", "{35F9F4A6-CE17-4867-8E07-95CE1FCEA38E}"
EndProject
Project("{8BC9CEB8-8B4A-11D0-8D11-00A0C91BC942}") = "recording_playback", "recording_playback.vcxproj", "{5667D7C9-A565-4650-8D08-DDDE3675BED0}"
EndProject
Project("{8BC9CEB8-8B4A-11D0-8D11-00A0C91BC942}") = "simple_event", "simple_event.vcxproj", "{1A3BF248-E8EF-4608-B0F9-FC39D0165A4A}"
EndProject
Global
	GlobalSection(SolutionConfigurationPlatforms) = preSolution
		Debug|Win32 = Debug|Win32
		Debug|x64 = Debug|x64
		Debug|ARM64 = Debug|ARM64
		Release|Win32 = Release|Win32
		Release|x64 = Release|x64
		Release|ARM64 = Release|ARM64
	EndGlobalSection
	GlobalSection(ProjectConfigurationPlatforms) = postSolution
		{06AFCDB7-789A-418E-B555-7C3C47BC3584}.Debug|Win32.ActiveCfg = Debug|Win32
		{06AFCDB7-789A-418E-B555-7C3C47BC3584}.Debug|Win32.Build.0 = Debug|Win32
		{06AFCDB7-789A-418E-B555-7C3C47BC3584}.Debug|Win32.Deploy.0 = Debug|Win32
		{06AFCDB7-789A-418E-B555-7C3C47BC3584}.Debug|x64.ActiveCfg = Debug|x64
		{06AFCDB7-789A-418E-B555-7C3C47BC3584}.Debug|x64.Build.0 = Debug|x64
		{06AFCDB7-789A-418E-B555-7C3C47BC3584}.Debug|x64.Deploy.0 = Debug|x64
		{06AFCDB7-789A-418E-B555-7C3C47BC3584}.Debug|ARM64.ActiveCfg = Debug|ARM64
		{06AFCDB7-789A-418E-B555-7C3C47BC3584}.Debug|ARM64.Build.0 = Debug|ARM64
		{06AFCDB7-789A-418E-B555-7C3C47BC3584}.Debug|ARM64.Deploy.0 = Debug|ARM64
		{06AFCDB7-789A-418E-B555-7C3C47BC3584}.Release|Win32.ActiveCfg = Release|Win32
		{06AFCDB7-789A-418E-B555-7C3C47BC3584}.Release|Win32.Build.0 = Release|Win32
		{06AFCDB7-789A-418E-B555-7C3C47BC3584}.Release|Win32.Deploy.0 = Release|Win32
		{06AFCDB7-789A-418E-B555-7C3C47BC3584}.Release|x64.ActiveCfg = Release|x64
		{06AFCDB7-789A-418E-B555-7C3C47BC3584}.Release|x64.Build.0 = Release|x64
		{06AFCDB7-789A-418E-B555-7C3C47BC3584}.Release|x64.Deploy.0 = Release|x64
		{06AFCDB7-789A-418E-B555-7C3C47BC3584}.Release|ARM64.ActiveCfg = Release|ARM64
		{06AFCDB7-789A-418E-B555-7C3C47BC3584}.Release|ARM64.Build.0 = Release|ARM64
		{06AFCDB7-789A-418E-B555-7C3C47BC3584}.Release|ARM64.Deploy.0 = Release|ARM64
		{40048070-263F-4A11-97B4-478E318318B6}.Debug|Win32.ActiveCfg = Debug|Win32
		{40048070-263F-4A11-97B4-478E318318B6}.Debug|Win32.Build.0 = Debug|Win32
		{40048070-263F-4A11-97B4-478E318318B6}.Debug|Win32.Deploy.0 = Debug|Win32
		{40048070-263F-4A11-97B4-478E318318B6}.Debug|x64.ActiveCfg = Debug|x64
		{40048070-263F-4A11-97B4-478E318318B6}.Debug|x64.Build.0 = Debug|x64
		{40048070-263F-4A11-97B4-478E318318B6}.Debug|x64.Deploy.0 = Debug|x64
		{40048070-263F-4A11-97B4-478E318318B6}.Debug|ARM64.ActiveCfg = Debug|ARM64
		{40048070-263F-4A11-97B4-478E318318B6}.Debug|ARM64.Build.0 = Debug|ARM64
		{40048070-263F-4A11-97B4-478E318318B6}.Debug|ARM64.Deploy.0 = Debug|ARM64
		{40048070-263F-4A11-97B4-478E318318B6}.Release|Win32.ActiveCfg = Release|Win32
		{40048070-263F-4A11-97B4-478E318318B6}.Release|Win32.Build.0 = Release|Win32
		{40048070-263F-4A11-97B4-478E318318B6}.Release|Win32.Deploy.0 = Release|Win32
		{40048070-263F-4A11-97B4-478E318318B6}.Release|x64.ActiveCfg = Release|x64
		{40048070-263F-4A11-97B4-478E318318B6}.Release|x64.Build.0 = Release|x64
		{40048070-263F-4A11-97B4-478E318318B6}.Release|x64.Deploy.0 = Release|x64
		{40048070-263F-4A11-97B4-478E318318B6}.Release|ARM64.ActiveCfg = Release|ARM64
		{40048070-263F-4A11-97B4-478E318318B6}.Release|ARM64.Build.0 = Release|ARM64
		{40048070-263F-4A11-97B4-478E318318B6}.Release|ARM64.Deploy.0 = Release|ARM64
		{326D3ED7-3017-4746-BDA7-881123FBC252}.Debug|Win32.ActiveCfg = Debug|Win32
		{326D3ED7-3017-4746-BDA7-881123FBC252}.Debug|Win32.Build.0 = Debug|Win32
		{326D3ED7-3017-4746-BDA7-881123FBC252}.Debug|Win32.Deploy.0 = Debug|Win32
		{326D3ED7-3017-4746-BDA7-881123FBC252}.Debug|x64.ActiveCfg = Debug|x64
		{326D3ED7-3017-4746-BDA7-881123FBC252}.Debug|x64.Build.0 = Debug|x64
		{326D3ED7-3017-4746-BDA7-881123FBC252}.Debug|x64.Deploy.0 = Debug|x64
		{326D3ED7-3017-4746-BDA7-881123FBC252}.Debug|ARM64.ActiveCfg = Debug|ARM64
		{326D3ED7-3017-4746-BDA7-881123FBC252}.Debug|ARM64.Build.0 = Debug|ARM64
		{326D3ED7-3017-4746-BDA7-881123FBC252}.Debug|ARM64.Deploy.0 = Debug|ARM64
		{326D3ED7-3017-4746-BDA7-881123FBC252}.Release|Win32.ActiveCfg = Release|Win32
		{326D3ED7-3017-4746-BDA7-881123FBC252}.Release|Win32.Build.0 = Release|Win32
		{326D3ED7-3017-4746-BDA7-881123FBC252}.Release|Win32.Deploy.0 = Release|Win32
		{326D3ED7-3017-4746-BDA7-881123FBC252}.Release|x64.ActiveCfg = Release|x64
		{326D3ED7-3017-4746-BDA7-881123FBC252}.Release|x64.Build.0 = Release|x64
		{326D3ED7-3017-4746-BDA7-881123FBC252}.Release|x64.Deploy.0 = Release|x64
		{326D3ED7-3017-4746-BDA7-881123FBC252}.Release|ARM64.ActiveCfg = Release|ARM64
		{326D3ED7-3017-4746-BDA7-881123FBC252}.Release|ARM64.Build.0 = Release|ARM64
		{326D3ED7-3017-4746-BDA7-881123FBC252}.Release|ARM64.Deploy.0 = Release|ARM64
		{AF2350CF-6398-4261-A007-1664FB4C9852}.Debug|Win32.ActiveCfg = Debug|Win32
		{AF2350CF-6398-4261-A007-1664FB4C9852}.Debug|Win32.Build.0 = Debug|Win32
		{AF2350CF-6398-4261-A007-1664FB4C9852}.Debug|Win32.Deploy.0 = Debug|Win32
		{AF2350CF-6398-4261-A007-1664FB4C9852}.Debug|x64.ActiveCfg = Debug|x64
		{AF2350CF-6398-4261-A007-1664FB4C9852}.Debug|x64.Build.0 = Debug|x64
		{AF2350CF-6398-4261-A007-1664FB4C9852}.Debug|x64.Deploy.0 = Debug|x64
		{AF2350CF-6398-4261-A007-1664FB4C9852}.Debug|ARM64.ActiveCfg = Debug|ARM64
		{AF2350CF-6398-4261-A007-1664FB4C9852}.Debug|ARM64.Build.0 = Debug|ARM64
		{AF2350CF-6398-4261-A007-1664FB4C9852}.Debug|ARM64.Deploy.0 = Debug|ARM64
		{AF2350CF-6398-4261-A007-1664FB4C9852}.Release|Win32.ActiveCfg = Release|Win32
		{AF2350CF-6398-4261-A007-1664FB4C9852}.Release|Win32.Build.0 = Release|Win32
		{AF2350CF-6398-4261-A007-1664FB4C9852}.Release|Win32.Deploy.0 = Release|Win32
		{AF2350CF-6398-4261-A007-1664FB4C9852}.Release|x64.ActiveCfg = Release|x64
		{AF2350CF-6398-4261-A007-1664FB4C9852}.Release|x64.Build.0 = Release|x64
		{AF2350CF-6398-4261-A007-1664FB4C9852}.Release|x64.Deploy.0 = Release|x64
		{AF2350CF-6398-4261-A007-1664FB4C9852}.Release|ARM64.ActiveCfg = Release|ARM64
		{AF2350CF-6398-4261-A007-1664FB4C9852}.Release|ARM64.Build.0 = Release|ARM64
		{AF2350CF-6398-4261-A007-1664FB4C9852}.Release|ARM64.Deploy.0 = Release|ARM64
		{E1828844-C9EE-42A8-BB60-E9D190ED52B9}.Debug|Win32.ActiveCfg = Debug|Win32
		{E1828844-C9EE-42A8-BB60-E9D190ED52B9}.Debug|Win32.Build.0 = Debug|Win32
		{E1828844-C9EE-42A8-BB60-E9D190ED52B9}.Debug|Win32.Deploy.0 = Debug|Win32
		{E1828844-C9EE-42A8-BB60-E9D190ED52B9}.Debug|x64.ActiveCfg = Debug|x64
		{E1828844-C9EE-42A8-BB60-E9D190ED52B9}.Debug|x64.Build.0 = Debug|x64
		{E1828844-C9EE-42A8-BB60-E9D190ED52B9}.Debug|x64.Deploy.0 = Debug|x64
		{E1828844-C9EE-42A8-BB60-E9D190ED52B9}.Debug|ARM64.ActiveCfg = Debug|ARM64
		{E1828844-C9EE-42A8-BB60-E9D190ED52B9}.Debug|ARM64.Build.0 = Debug|ARM64
		{E1828844-C9EE-42A8-BB60-E9D190ED52B9}.Debug|ARM64.Deploy.0 = Debug|ARM64
		{E1828844-C9EE-42A8-BB60-E9D190ED52B9}.Release|Win32.ActiveCfg = Release|Win32
		{E1828844-C9EE-42A8-BB60-E9D190ED52B9}.Release|Win32.Build.0 = Release|Win32
		{E1828844-C9EE-42A8-BB60-E9D190ED52B9}.Release|Win32.Deploy.0 = Release|Win32
		{E1828844-C9EE-42A8-BB60-E9D190ED52B9}.Release|x64.ActiveCfg = Release|x64
		{E1828844-C9EE-42A8-BB60-E9D190ED52B9}.Release|x64.Build.0 = Release|x64
		{E1828844-C9EE-42A8-BB60-E9D190ED52B9}.Release|x64.Deploy.0 = Release|x64
		{E1828844-C9EE-42A8-BB60-E9D190ED52B9}.Release|ARM64.ActiveCfg = Release|ARM64
		{E1828844-C9EE-42A8-BB60-E9D190ED52B9}.Release|ARM64.Build.0 = Release|ARM64
		{E1828844-C9EE-42A8-BB60-E9D190ED52B9}.Release|ARM64.Deploy.0 = Release|ARM64
		{3E97E2F2-A1CA-44CA-9B44-19806C8B2EB8}.Debug|Win32.ActiveCfg = Debug|Win32
		{3E97E2F2-A1CA-44CA-9B44-19806C8B2EB8}.Debug|Win32.Build.0 = Debug|Win32
		{3E97E2F2-A1CA-44CA-9B44-19806C8B2EB8}.Debug|Win32.Deploy.0 = Debug|Win32
		{3E97E2F2-A1CA-44CA-9B44-19806C8B2EB8}.Debug|x64.ActiveCfg = Debug|x64
		{3E97E2F2-A1CA-44CA-9B44-19806C8B2EB8}.Debug|x64.Build.0 = Debug|x64
		{3E97E2F2-A1CA-44CA-9B44-19806C8B2EB8}.Debug|x64.Deploy.0 = Debug|x64
		{3E97E2F2-A1CA-44CA-9B44-19806C8B2EB8}.Debug|ARM64.ActiveCfg = Debug|ARM64
		{3E97E2F2-A1CA-44CA-9B44-19806C8B2EB8}.Debug|ARM64.Build.0 = Debug|ARM64
		{3E97E2F2-A1CA-44CA-9B44-19806C8B2EB8}.Debug|ARM64.Deploy.0 = Debug|ARM64
		{3E97E2F2-A1CA-44CA-9B44-19806C8B2EB8}.Release|Win32.ActiveCfg = Release|Win32
		{3E97E2F2-A1CA-44CA-9B44-19806C8B2EB8}.Release|Win32.Build.0 = Release|Win32
		{3E97E2F2-A1CA-44CA-9B44-19806C8B2EB8}.Release|Win32.Deploy.0 = Release|Win32
		{3E97E2F2-A1CA-44CA-9B44-19806C8B2EB8}.Release|x64.ActiveCfg = Release|x64
		{3E97E2F2-A1CA-44CA-9B44-19806C8B2EB8}.Release|x64.Build.0 = Release|x64
		{3E97E2F2-A1CA-44CA-9B44-19806C8B2EB8}.Release|x64.Deploy.0 = Release|x64
		{3E97E2F2-A1CA-44CA-9B44-19806C8B2EB8}.Release|ARM64.ActiveCfg = Release|ARM64
		{3E97E2F2-A1CA-44CA-9B44-19806C8B2EB8}.Release|ARM64.Build.0 = Release|ARM64
		{3E97E2F2-A1CA-44CA-9B44-19806C8B2EB8}.Release|ARM64.Deploy.0 = Release|ARM64
		{35F9F4A6-CE17-4867-8E07-95CE1FCEA38E}.Debug|Win32.ActiveCfg = Debug|Win32
		{35F9F4A6-CE17-4867-8E07-95CE1FCEA38E}.Debug|Win32.Build.0 = Debug|Win32
		{35F9F4A6-CE17-4867-8E07-95CE1FCEA38E}.Debug|Win32.Deploy.0 = Debug|Win32
		{35F9F4A6-CE17-4867-8E07-95CE1FCEA38E}.Debug|x64.ActiveCfg = Debug|x64
		{35F9F4A6-CE17-4867-8E07-95CE1FCEA38E}.Debug|x64.Build.0 = Debug|x64
		{35F9F4A6-CE17-4867-8E07-95CE1FCEA38E}.Debug|x64.Deploy.0 = Debug|x64
		{35F9F4A6-CE17-4867-8E07-95CE1FCEA38E}.Debug|ARM64.ActiveCfg = Debug|ARM64
		{35F9F4A6-CE17-4867-8E07-95CE1FCEA38E}.Debug|ARM64.Build.0 = Debug|ARM64
		{35F9F4A6-CE17-4867-8E07-95CE1FCEA38E}.Debug|ARM64.Deploy.0 = Debug|ARM64
		{35F9F4A6-CE17-4867-8E07-95CE1FCEA38E}.Release|Win32.ActiveCfg = Release|Win32
		{35F9F4A6-CE17-4867-8E07-95CE1FCEA38E}.Release|Win32.Build.0 = Release|Win32
		{35F9F4A6-CE17-4867-8E07-95CE1FCEA38E}.Release|Win32.Deploy.0 = Release|Win32
		{35F9F4A6-CE17-4867-8E07-95CE1FCEA38E}.Release|x64.ActiveCfg = Release|x64
		{35F9F4A6-CE17-4867-8E07-95CE1FCEA38E}.Release|x64.Build.0 = Release|x64
		{35F9F4A6-CE17-4867-8E07-95CE1FCEA38E}.Release|x64.Deploy.0 = Release|x64
		{35F9F4A6-CE17-4867-8E07-95CE1FCEA38E}.Release|ARM64.ActiveCfg = Release|ARM64
		{35F9F4A6-CE17-4867-8E07-95CE1FCEA38E}.Release|ARM64.Build.0 = Release|ARM64
		{35F9F4A6-CE17-4867-8E07-95CE1FCEA38E}.Release|ARM64.Deploy.0 = Release|ARM64
		{5667D7C9-A565-4650-8D08-DDDE3675BED0}.Debug|Win32.ActiveCfg = Debug|Win32
		{5667D7C9-A565-4650-8D08-DDDE3675BED0}.Debug|Win32.Build.0 = Debug|Win32
		{5667D7C9-A565-4650-8D08-DDDE3675BED0}.Debug|Win32.Deploy.0 = Debug|Win32
		{5667D7C9-A565-4650-8D08-DDDE3675BED0}.Debug|x64.ActiveCfg = Debug|x64
		{5667D7C9-A565-4650-8D08-DDDE3675BED0}.Debug|x64.Build.0 = Debug|x64
		{5667D7C9-A565-4650-8D08-DDDE3675BED0}.Debug|x64.Deploy.0 = Debug|x64
		{5667D7C9-A565-4650-8D08-DDDE3675BED0}.Debug|ARM64.ActiveCfg = Debug|ARM64
		{5667D7C9-A565-4650-8D08-DDDE3675BED0}.Debug|ARM64.Build.0 = Debug|ARM64
		{5667D7C9-A565-4650-8D08-DDDE3675BED0}.Debug|ARM64.Deploy.0 = Debug|ARM64
		{5667D7C9-A565-4650-8D08-DDDE3675BED0}.Release|Win32.ActiveCfg = Release|Win32
		{5667D7C9-A565-4650-8D08-DDDE3675BED0}.Release|Win32.Build.0 = Release|Win32
		{5667D7C9-A565-4650-8D08-DDDE3675BED0}.Release|Win32.Deploy.0 = Release|Win32
		{5667D7C9-A565-4650-8D08-DDDE3675BED0}.Release|x64.ActiveCfg = Release|x64
		{5667D7C9-A565-4650-8D08-DDDE3675BED0}.Release|x64.Build.0 = Release|x64
		{5667D7C9-A565-4650-8D08-DDDE3675BED0}.Release|x64.Deploy.0 = Release|x64
		{5667D7C9-A565-4650-8D08-DDDE3675BED0}.Release|ARM64.ActiveCfg = Release|ARM64
		{5667D7C9-A565-4650-8D08-DDDE3675BED0}.Release|ARM64.Build.0 = Release|ARM64
		{5667D7C9-A565-4650-8D08-DDDE3675BED0}.Release|ARM64.Deploy.0 = Release|ARM64
		{1A3BF248-E8EF-4608-B0F9-FC39D0165A4A}.Debug|Win32.ActiveCfg = Debug|Win32
		{1A3BF248-E8EF-4608-B0F9-FC39D0165A4A}.Debug|Win32.Build.0 = Debug|Win32
		{1A3BF248-E8EF-4608-B0F9-FC39D0165A4A}.Debug|Win32.Deploy.0 = Debug|Win32
		{1A3BF248-E8EF-4608-B0F9-FC39D0165A4A}.Debug|x64.ActiveCfg = Debug|x64
		{1A3BF248-E8EF-4608-B0F9-FC39D0165A4A}.Debug|x64.Build.0 = Debug|x64
		{1A3BF248-E8EF-4608-B0F9-FC39D0165A4A}.Debug|x64.Deploy.0 = Debug|x64
		{1A3BF248-E8EF-4608-B0F9-FC39D0165A4A}.Debug|ARM64.ActiveCfg = Debug|ARM64
		{1A3BF248-E8EF-4608-B0F9-FC39D0165A4A}.Debug|ARM64.Build.0 = Debug|ARM64
		{1A3BF248-E8EF-4608-B0F9-FC39D0165A4A}.Debug|ARM64.Deploy.0 = Debug|ARM64
		{1A3BF248-E8EF-4608-B0F9-FC39D0165A4A}.Release|Win32.ActiveCfg = Release|Win32
		{1A3BF248-E8EF-4608-B0F9-FC39D0165A4A}.Release|Win32.Build.0 = Release|Win32
		{1A3BF248-E8EF-4608-B0F9-FC39D0165A4A}.Release|Win32.Deploy.0 = Release|Win32
		{1A3BF248-E8EF-4608-B0F9-FC39D0165A4A}.Release|x64.ActiveCfg = Release|x64
		{1A3BF248-E8EF-4608-B0F9-FC39D0165A4A}.Release|x64.Build.0 = Release|x64
		{1A3BF248-E8EF-4608-B0F9-FC39D0165A4A}.Release|x64.Deploy.0 = Release|x64
		{1A3BF248-E8EF-4608-B0F9-FC39D0165A4A}.Release|ARM64.ActiveCfg = Release|ARM64
		{1A3BF248-E8EF-4608-B0F9-FC39D0165A4A}.Release|ARM64.Build.0 = Release|ARM64
		{1A3BF248-E8EF-4608-B0F9-FC39D0165A4A}.Release|ARM64.Deploy.0 = Release|ARM64
	EndGlobalSection
	GlobalSection(SolutionProperties) = preSolution
		HideSolutionNode = FALSE
	EndGlobalSection
EndGlobal
