
Microsoft Visual Studio Solution File, Format Version 11.00
# Visual Studio 15
Project("{8BC9CEB8-8B4A-11D0-8D11-00A0C91BC942}") = "3d", "3d.vcxproj", "{27C1E531-3E7A-4AF9-9EF4-4106CA860B68}"
EndProject
Project("{8BC9CEB8-8B4A-11D0-8D11-00A0C91BC942}") = "3d_multi", "3d_multi.vcxproj", "{763D6308-AD8B-4CC5-8C47-E4756502AE11}"
EndProject
Project("{8BC9CEB8-8B4A-11D0-8D11-00A0C91BC942}") = "event_parameter", "event_parameter.vcxproj", "{82F0FD44-EB0F-48B0-8E78-D010C69C043E}"
EndProject
Project("{8BC9CEB8-8B4A-11D0-8D11-00A0C91BC942}") = "load_banks", "load_banks.vcxproj", "{09D97222-CA07-4004-8EF8-2EF538BDD6A2}"
EndProject
Project("{8BC9CEB8-8B4A-11D0-8D11-00A0C91BC942}") = "music_callbacks", "music_callbacks.vcxproj", "{6D203C87-D855-46D2-A87C-359CE6F66A6F}"
EndProject
Project("{8BC9CEB8-8B4A-11D0-8D11-00A0C91BC942}") = "objectpan", "objectpan.vcxproj", "{E050B864-59E8-4689-8D1A-BC5ACBBC8E2F}"
EndProject
Project("{8BC9CEB8-8B4A-11D0-8D11-00A0C91BC942}") = "programmer_sound", "programmer_sound.vcxproj", "{E2DA9D49-07E2-49BE-B834-2DB80D7473B0}"
EndProject
Project("{8BC9CEB8-8B4A-11D0-8D11-00A0C91BC942}") = "recording_playback", "recording_playback.vcxproj", "{7CE8F0FE-69C3-40AE-B07B-394698C5ABB6}"
EndProject
Project("{8BC9CEB8-8B4A-11D0-8D11-00A0C91BC942}") = "simple_event", "simple_event.vcxproj", "{CC74D50F-EF07-414C-BFBD-323BD1300406}"
EndProject
Global
	GlobalSection(SolutionConfigurationPlatforms) = preSolution
		Debug|Win32 = Debug|Win32
		Debug|x64 = Debug|x64
		Debug|ARM64 = Debug|ARM64
		Release|Win32 = Release|Win32
		Release|x64 = Release|x64
		Release|ARM64 = Release|ARM64
	EndGlobalSection
	GlobalSection(ProjectConfigurationPlatforms) = postSolution
		{27C1E531-3E7A-4AF9-9EF4-4106CA860B68}.Debug|Win32.ActiveCfg = Debug|Win32
		{27C1E531-3E7A-4AF9-9EF4-4106CA860B68}.Debug|Win32.Build.0 = Debug|Win32
		{27C1E531-3E7A-4AF9-9EF4-4106CA860B68}.Debug|Win32.Deploy.0 = Debug|Win32
		{27C1E531-3E7A-4AF9-9EF4-4106CA860B68}.Debug|x64.ActiveCfg = Debug|x64
		{27C1E531-3E7A-4AF9-9EF4-4106CA860B68}.Debug|x64.Build.0 = Debug|x64
		{27C1E531-3E7A-4AF9-9EF4-4106CA860B68}.Debug|x64.Deploy.0 = Debug|x64
		{27C1E531-3E7A-4AF9-9EF4-4106CA860B68}.Debug|ARM64.ActiveCfg = Debug|ARM64
		{27C1E531-3E7A-4AF9-9EF4-4106CA860B68}.Debug|ARM64.Build.0 = Debug|ARM64
		{27C1E531-3E7A-4AF9-9EF4-4106CA860B68}.Debug|ARM64.Deploy.0 = Debug|ARM64
		{27C1E531-3E7A-4AF9-9EF4-4106CA860B68}.Release|Win32.ActiveCfg = Release|Win32
		{27C1E531-3E7A-4AF9-9EF4-4106CA860B68}.Release|Win32.Build.0 = Release|Win32
		{27C1E531-3E7A-4AF9-9EF4-4106CA860B68}.Release|Win32.Deploy.0 = Release|Win32
		{27C1E531-3E7A-4AF9-9EF4-4106CA860B68}.Release|x64.ActiveCfg = Release|x64
		{27C1E531-3E7A-4AF9-9EF4-4106CA860B68}.Release|x64.Build.0 = Release|x64
		{27C1E531-3E7A-4AF9-9EF4-4106CA860B68}.Release|x64.Deploy.0 = Release|x64
		{27C1E531-3E7A-4AF9-9EF4-4106CA860B68}.Release|ARM64.ActiveCfg = Release|ARM64
		{27C1E531-3E7A-4AF9-9EF4-4106CA860B68}.Release|ARM64.Build.0 = Release|ARM64
		{27C1E531-3E7A-4AF9-9EF4-4106CA860B68}.Release|ARM64.Deploy.0 = Release|ARM64
		{763D6308-AD8B-4CC5-8C47-E4756502AE11}.Debug|Win32.ActiveCfg = Debug|Win32
		{763D6308-AD8B-4CC5-8C47-E4756502AE11}.Debug|Win32.Build.0 = Debug|Win32
		{763D6308-AD8B-4CC5-8C47-E4756502AE11}.Debug|Win32.Deploy.0 = Debug|Win32
		{763D6308-AD8B-4CC5-8C47-E4756502AE11}.Debug|x64.ActiveCfg = Debug|x64
		{763D6308-AD8B-4CC5-8C47-E4756502AE11}.Debug|x64.Build.0 = Debug|x64
		{763D6308-AD8B-4CC5-8C47-E4756502AE11}.Debug|x64.Deploy.0 = Debug|x64
		{763D6308-AD8B-4CC5-8C47-E4756502AE11}.Debug|ARM64.ActiveCfg = Debug|ARM64
		{763D6308-AD8B-4CC5-8C47-E4756502AE11}.Debug|ARM64.Build.0 = Debug|ARM64
		{763D6308-AD8B-4CC5-8C47-E4756502AE11}.Debug|ARM64.Deploy.0 = Debug|ARM64
		{763D6308-AD8B-4CC5-8C47-E4756502AE11}.Release|Win32.ActiveCfg = Release|Win32
		{763D6308-AD8B-4CC5-8C47-E4756502AE11}.Release|Win32.Build.0 = Release|Win32
		{763D6308-AD8B-4CC5-8C47-E4756502AE11}.Release|Win32.Deploy.0 = Release|Win32
		{763D6308-AD8B-4CC5-8C47-E4756502AE11}.Release|x64.ActiveCfg = Release|x64
		{763D6308-AD8B-4CC5-8C47-E4756502AE11}.Release|x64.Build.0 = Release|x64
		{763D6308-AD8B-4CC5-8C47-E4756502AE11}.Release|x64.Deploy.0 = Release|x64
		{763D6308-AD8B-4CC5-8C47-E4756502AE11}.Release|ARM64.ActiveCfg = Release|ARM64
		{763D6308-AD8B-4CC5-8C47-E4756502AE11}.Release|ARM64.Build.0 = Release|ARM64
		{763D6308-AD8B-4CC5-8C47-E4756502AE11}.Release|ARM64.Deploy.0 = Release|ARM64
		{82F0FD44-EB0F-48B0-8E78-D010C69C043E}.Debug|Win32.ActiveCfg = Debug|Win32
		{82F0FD44-EB0F-48B0-8E78-D010C69C043E}.Debug|Win32.Build.0 = Debug|Win32
		{82F0FD44-EB0F-48B0-8E78-D010C69C043E}.Debug|Win32.Deploy.0 = Debug|Win32
		{82F0FD44-EB0F-48B0-8E78-D010C69C043E}.Debug|x64.ActiveCfg = Debug|x64
		{82F0FD44-EB0F-48B0-8E78-D010C69C043E}.Debug|x64.Build.0 = Debug|x64
		{82F0FD44-EB0F-48B0-8E78-D010C69C043E}.Debug|x64.Deploy.0 = Debug|x64
		{82F0FD44-EB0F-48B0-8E78-D010C69C043E}.Debug|ARM64.ActiveCfg = Debug|ARM64
		{82F0FD44-EB0F-48B0-8E78-D010C69C043E}.Debug|ARM64.Build.0 = Debug|ARM64
		{82F0FD44-EB0F-48B0-8E78-D010C69C043E}.Debug|ARM64.Deploy.0 = Debug|ARM64
		{82F0FD44-EB0F-48B0-8E78-D010C69C043E}.Release|Win32.ActiveCfg = Release|Win32
		{82F0FD44-EB0F-48B0-8E78-D010C69C043E}.Release|Win32.Build.0 = Release|Win32
		{82F0FD44-EB0F-48B0-8E78-D010C69C043E}.Release|Win32.Deploy.0 = Release|Win32
		{82F0FD44-EB0F-48B0-8E78-D010C69C043E}.Release|x64.ActiveCfg = Release|x64
		{82F0FD44-EB0F-48B0-8E78-D010C69C043E}.Release|x64.Build.0 = Release|x64
		{82F0FD44-EB0F-48B0-8E78-D010C69C043E}.Release|x64.Deploy.0 = Release|x64
		{82F0FD44-EB0F-48B0-8E78-D010C69C043E}.Release|ARM64.ActiveCfg = Release|ARM64
		{82F0FD44-EB0F-48B0-8E78-D010C69C043E}.Release|ARM64.Build.0 = Release|ARM64
		{82F0FD44-EB0F-48B0-8E78-D010C69C043E}.Release|ARM64.Deploy.0 = Release|ARM64
		{09D97222-CA07-4004-8EF8-2EF538BDD6A2}.Debug|Win32.ActiveCfg = Debug|Win32
		{09D97222-CA07-4004-8EF8-2EF538BDD6A2}.Debug|Win32.Build.0 = Debug|Win32
		{09D97222-CA07-4004-8EF8-2EF538BDD6A2}.Debug|Win32.Deploy.0 = Debug|Win32
		{09D97222-CA07-4004-8EF8-2EF538BDD6A2}.Debug|x64.ActiveCfg = Debug|x64
		{09D97222-CA07-4004-8EF8-2EF538BDD6A2}.Debug|x64.Build.0 = Debug|x64
		{09D97222-CA07-4004-8EF8-2EF538BDD6A2}.Debug|x64.Deploy.0 = Debug|x64
		{09D97222-CA07-4004-8EF8-2EF538BDD6A2}.Debug|ARM64.ActiveCfg = Debug|ARM64
		{09D97222-CA07-4004-8EF8-2EF538BDD6A2}.Debug|ARM64.Build.0 = Debug|ARM64
		{09D97222-CA07-4004-8EF8-2EF538BDD6A2}.Debug|ARM64.Deploy.0 = Debug|ARM64
		{09D97222-CA07-4004-8EF8-2EF538BDD6A2}.Release|Win32.ActiveCfg = Release|Win32
		{09D97222-CA07-4004-8EF8-2EF538BDD6A2}.Release|Win32.Build.0 = Release|Win32
		{09D97222-CA07-4004-8EF8-2EF538BDD6A2}.Release|Win32.Deploy.0 = Release|Win32
		{09D97222-CA07-4004-8EF8-2EF538BDD6A2}.Release|x64.ActiveCfg = Release|x64
		{09D97222-CA07-4004-8EF8-2EF538BDD6A2}.Release|x64.Build.0 = Release|x64
		{09D97222-CA07-4004-8EF8-2EF538BDD6A2}.Release|x64.Deploy.0 = Release|x64
		{09D97222-CA07-4004-8EF8-2EF538BDD6A2}.Release|ARM64.ActiveCfg = Release|ARM64
		{09D97222-CA07-4004-8EF8-2EF538BDD6A2}.Release|ARM64.Build.0 = Release|ARM64
		{09D97222-CA07-4004-8EF8-2EF538BDD6A2}.Release|ARM64.Deploy.0 = Release|ARM64
		{6D203C87-D855-46D2-A87C-359CE6F66A6F}.Debug|Win32.ActiveCfg = Debug|Win32
		{6D203C87-D855-46D2-A87C-359CE6F66A6F}.Debug|Win32.Build.0 = Debug|Win32
		{6D203C87-D855-46D2-A87C-359CE6F66A6F}.Debug|Win32.Deploy.0 = Debug|Win32
		{6D203C87-D855-46D2-A87C-359CE6F66A6F}.Debug|x64.ActiveCfg = Debug|x64
		{6D203C87-D855-46D2-A87C-359CE6F66A6F}.Debug|x64.Build.0 = Debug|x64
		{6D203C87-D855-46D2-A87C-359CE6F66A6F}.Debug|x64.Deploy.0 = Debug|x64
		{6D203C87-D855-46D2-A87C-359CE6F66A6F}.Debug|ARM64.ActiveCfg = Debug|ARM64
		{6D203C87-D855-46D2-A87C-359CE6F66A6F}.Debug|ARM64.Build.0 = Debug|ARM64
		{6D203C87-D855-46D2-A87C-359CE6F66A6F}.Debug|ARM64.Deploy.0 = Debug|ARM64
		{6D203C87-D855-46D2-A87C-359CE6F66A6F}.Release|Win32.ActiveCfg = Release|Win32
		{6D203C87-D855-46D2-A87C-359CE6F66A6F}.Release|Win32.Build.0 = Release|Win32
		{6D203C87-D855-46D2-A87C-359CE6F66A6F}.Release|Win32.Deploy.0 = Release|Win32
		{6D203C87-D855-46D2-A87C-359CE6F66A6F}.Release|x64.ActiveCfg = Release|x64
		{6D203C87-D855-46D2-A87C-359CE6F66A6F}.Release|x64.Build.0 = Release|x64
		{6D203C87-D855-46D2-A87C-359CE6F66A6F}.Release|x64.Deploy.0 = Release|x64
		{6D203C87-D855-46D2-A87C-359CE6F66A6F}.Release|ARM64.ActiveCfg = Release|ARM64
		{6D203C87-D855-46D2-A87C-359CE6F66A6F}.Release|ARM64.Build.0 = Release|ARM64
		{6D203C87-D855-46D2-A87C-359CE6F66A6F}.Release|ARM64.Deploy.0 = Release|ARM64
		{E050B864-59E8-4689-8D1A-BC5ACBBC8E2F}.Debug|Win32.ActiveCfg = Debug|Win32
		{E050B864-59E8-4689-8D1A-BC5ACBBC8E2F}.Debug|Win32.Build.0 = Debug|Win32
		{E050B864-59E8-4689-8D1A-BC5ACBBC8E2F}.Debug|Win32.Deploy.0 = Debug|Win32
		{E050B864-59E8-4689-8D1A-BC5ACBBC8E2F}.Debug|x64.ActiveCfg = Debug|x64
		{E050B864-59E8-4689-8D1A-BC5ACBBC8E2F}.Debug|x64.Build.0 = Debug|x64
		{E050B864-59E8-4689-8D1A-BC5ACBBC8E2F}.Debug|x64.Deploy.0 = Debug|x64
		{E050B864-59E8-4689-8D1A-BC5ACBBC8E2F}.Debug|ARM64.ActiveCfg = Debug|ARM64
		{E050B864-59E8-4689-8D1A-BC5ACBBC8E2F}.Debug|ARM64.Build.0 = Debug|ARM64
		{E050B864-59E8-4689-8D1A-BC5ACBBC8E2F}.Debug|ARM64.Deploy.0 = Debug|ARM64
		{E050B864-59E8-4689-8D1A-BC5ACBBC8E2F}.Release|Win32.ActiveCfg = Release|Win32
		{E050B864-59E8-4689-8D1A-BC5ACBBC8E2F}.Release|Win32.Build.0 = Release|Win32
		{E050B864-59E8-4689-8D1A-BC5ACBBC8E2F}.Release|Win32.Deploy.0 = Release|Win32
		{E050B864-59E8-4689-8D1A-BC5ACBBC8E2F}.Release|x64.ActiveCfg = Release|x64
		{E050B864-59E8-4689-8D1A-BC5ACBBC8E2F}.Release|x64.Build.0 = Release|x64
		{E050B864-59E8-4689-8D1A-BC5ACBBC8E2F}.Release|x64.Deploy.0 = Release|x64
		{E050B864-59E8-4689-8D1A-BC5ACBBC8E2F}.Release|ARM64.ActiveCfg = Release|ARM64
		{E050B864-59E8-4689-8D1A-BC5ACBBC8E2F}.Release|ARM64.Build.0 = Release|ARM64
		{E050B864-59E8-4689-8D1A-BC5ACBBC8E2F}.Release|ARM64.Deploy.0 = Release|ARM64
		{E2DA9D49-07E2-49BE-B834-2DB80D7473B0}.Debug|Win32.ActiveCfg = Debug|Win32
		{E2DA9D49-07E2-49BE-B834-2DB80D7473B0}.Debug|Win32.Build.0 = Debug|Win32
		{E2DA9D49-07E2-49BE-B834-2DB80D7473B0}.Debug|Win32.Deploy.0 = Debug|Win32
		{E2DA9D49-07E2-49BE-B834-2DB80D7473B0}.Debug|x64.ActiveCfg = Debug|x64
		{E2DA9D49-07E2-49BE-B834-2DB80D7473B0}.Debug|x64.Build.0 = Debug|x64
		{E2DA9D49-07E2-49BE-B834-2DB80D7473B0}.Debug|x64.Deploy.0 = Debug|x64
		{E2DA9D49-07E2-49BE-B834-2DB80D7473B0}.Debug|ARM64.ActiveCfg = Debug|ARM64
		{E2DA9D49-07E2-49BE-B834-2DB80D7473B0}.Debug|ARM64.Build.0 = Debug|ARM64
		{E2DA9D49-07E2-49BE-B834-2DB80D7473B0}.Debug|ARM64.Deploy.0 = Debug|ARM64
		{E2DA9D49-07E2-49BE-B834-2DB80D7473B0}.Release|Win32.ActiveCfg = Release|Win32
		{E2DA9D49-07E2-49BE-B834-2DB80D7473B0}.Release|Win32.Build.0 = Release|Win32
		{E2DA9D49-07E2-49BE-B834-2DB80D7473B0}.Release|Win32.Deploy.0 = Release|Win32
		{E2DA9D49-07E2-49BE-B834-2DB80D7473B0}.Release|x64.ActiveCfg = Release|x64
		{E2DA9D49-07E2-49BE-B834-2DB80D7473B0}.Release|x64.Build.0 = Release|x64
		{E2DA9D49-07E2-49BE-B834-2DB80D7473B0}.Release|x64.Deploy.0 = Release|x64
		{E2DA9D49-07E2-49BE-B834-2DB80D7473B0}.Release|ARM64.ActiveCfg = Release|ARM64
		{E2DA9D49-07E2-49BE-B834-2DB80D7473B0}.Release|ARM64.Build.0 = Release|ARM64
		{E2DA9D49-07E2-49BE-B834-2DB80D7473B0}.Release|ARM64.Deploy.0 = Release|ARM64
		{7CE8F0FE-69C3-40AE-B07B-394698C5ABB6}.Debug|Win32.ActiveCfg = Debug|Win32
		{7CE8F0FE-69C3-40AE-B07B-394698C5ABB6}.Debug|Win32.Build.0 = Debug|Win32
		{7CE8F0FE-69C3-40AE-B07B-394698C5ABB6}.Debug|Win32.Deploy.0 = Debug|Win32
		{7CE8F0FE-69C3-40AE-B07B-394698C5ABB6}.Debug|x64.ActiveCfg = Debug|x64
		{7CE8F0FE-69C3-40AE-B07B-394698C5ABB6}.Debug|x64.Build.0 = Debug|x64
		{7CE8F0FE-69C3-40AE-B07B-394698C5ABB6}.Debug|x64.Deploy.0 = Debug|x64
		{7CE8F0FE-69C3-40AE-B07B-394698C5ABB6}.Debug|ARM64.ActiveCfg = Debug|ARM64
		{7CE8F0FE-69C3-40AE-B07B-394698C5ABB6}.Debug|ARM64.Build.0 = Debug|ARM64
		{7CE8F0FE-69C3-40AE-B07B-394698C5ABB6}.Debug|ARM64.Deploy.0 = Debug|ARM64
		{7CE8F0FE-69C3-40AE-B07B-394698C5ABB6}.Release|Win32.ActiveCfg = Release|Win32
		{7CE8F0FE-69C3-40AE-B07B-394698C5ABB6}.Release|Win32.Build.0 = Release|Win32
		{7CE8F0FE-69C3-40AE-B07B-394698C5ABB6}.Release|Win32.Deploy.0 = Release|Win32
		{7CE8F0FE-69C3-40AE-B07B-394698C5ABB6}.Release|x64.ActiveCfg = Release|x64
		{7CE8F0FE-69C3-40AE-B07B-394698C5ABB6}.Release|x64.Build.0 = Release|x64
		{7CE8F0FE-69C3-40AE-B07B-394698C5ABB6}.Release|x64.Deploy.0 = Release|x64
		{7CE8F0FE-69C3-40AE-B07B-394698C5ABB6}.Release|ARM64.ActiveCfg = Release|ARM64
		{7CE8F0FE-69C3-40AE-B07B-394698C5ABB6}.Release|ARM64.Build.0 = Release|ARM64
		{7CE8F0FE-69C3-40AE-B07B-394698C5ABB6}.Release|ARM64.Deploy.0 = Release|ARM64
		{CC74D50F-EF07-414C-BFBD-323BD1300406}.Debug|Win32.ActiveCfg = Debug|Win32
		{CC74D50F-EF07-414C-BFBD-323BD1300406}.Debug|Win32.Build.0 = Debug|Win32
		{CC74D50F-EF07-414C-BFBD-323BD1300406}.Debug|Win32.Deploy.0 = Debug|Win32
		{CC74D50F-EF07-414C-BFBD-323BD1300406}.Debug|x64.ActiveCfg = Debug|x64
		{CC74D50F-EF07-414C-BFBD-323BD1300406}.Debug|x64.Build.0 = Debug|x64
		{CC74D50F-EF07-414C-BFBD-323BD1300406}.Debug|x64.Deploy.0 = Debug|x64
		{CC74D50F-EF07-414C-BFBD-323BD1300406}.Debug|ARM64.ActiveCfg = Debug|ARM64
		{CC74D50F-EF07-414C-BFBD-323BD1300406}.Debug|ARM64.Build.0 = Debug|ARM64
		{CC74D50F-EF07-414C-BFBD-323BD1300406}.Debug|ARM64.Deploy.0 = Debug|ARM64
		{CC74D50F-EF07-414C-BFBD-323BD1300406}.Release|Win32.ActiveCfg = Release|Win32
		{CC74D50F-EF07-414C-BFBD-323BD1300406}.Release|Win32.Build.0 = Release|Win32
		{CC74D50F-EF07-414C-BFBD-323BD1300406}.Release|Win32.Deploy.0 = Release|Win32
		{CC74D50F-EF07-414C-BFBD-323BD1300406}.Release|x64.ActiveCfg = Release|x64
		{CC74D50F-EF07-414C-BFBD-323BD1300406}.Release|x64.Build.0 = Release|x64
		{CC74D50F-EF07-414C-BFBD-323BD1300406}.Release|x64.Deploy.0 = Release|x64
		{CC74D50F-EF07-414C-BFBD-323BD1300406}.Release|ARM64.ActiveCfg = Release|ARM64
		{CC74D50F-EF07-414C-BFBD-323BD1300406}.Release|ARM64.Build.0 = Release|ARM64
		{CC74D50F-EF07-414C-BFBD-323BD1300406}.Release|ARM64.Deploy.0 = Release|ARM64
	EndGlobalSection
	GlobalSection(SolutionProperties) = preSolution
		HideSolutionNode = FALSE
	EndGlobalSection
EndGlobal
