
Microsoft Visual Studio Solution File, Format Version 12.00
# Visual Studio 15
Project("{8BC9CEB8-8B4A-11D0-8D11-00A0C91BC942}") = "3d", "3d.vcxproj", "{03383462-5012-4312-BF16-F30EAF6FB786}"
EndProject
Project("{8BC9CEB8-8B4A-11D0-8D11-00A0C91BC942}") = "3d_multi", "3d_multi.vcxproj", "{2EB75A80-C327-486B-BBF9-15882CC369A8}"
EndProject
Project("{8BC9CEB8-8B4A-11D0-8D11-00A0C91BC942}") = "event_parameter", "event_parameter.vcxproj", "{11B79867-71BE-41F4-8EEC-E4A88BEB78DE}"
EndProject
Project("{8BC9CEB8-8B4A-11D0-8D11-00A0C91BC942}") = "load_banks", "load_banks.vcxproj", "{667BAF88-A7C2-4910-B313-F42140AF32E6}"
EndProject
Project("{8BC9CEB8-8B4A-11D0-8D11-00A0C91BC942}") = "music_callbacks", "music_callbacks.vcxproj", "{9E53A319-EB9C-4194-8D0C-0C38374D72BD}"
EndProject
Project("{8BC9CEB8-8B4A-11D0-8D11-00A0C91BC942}") = "objectpan", "objectpan.vcxproj", "{B2EFB05F-2072-45AA-8ACE-A215530040E5}"
EndProject
Project("{8BC9CEB8-8B4A-11D0-8D11-00A0C91BC942}") = "programmer_sound", "programmer_sound.vcxproj", "{81422747-0399-4CAC-B30F-F52A7A4FF807}"
EndProject
Project("{8BC9CEB8-8B4A-11D0-8D11-00A0C91BC942}") = "recording_playback", "recording_playback.vcxproj", "{27149B6D-0CF6-4D74-ABBD-DCCFAB50DF0F}"
EndProject
Project("{8BC9CEB8-8B4A-11D0-8D11-00A0C91BC942}") = "simple_event", "simple_event.vcxproj", "{DAF00AF5-340F-4384-9419-04FA314E154D}"
EndProject
Global
	GlobalSection(SolutionConfigurationPlatforms) = preSolution
		Debug|ARM = Debug|ARM
		Debug|Win32 = Debug|Win32
		Debug|x64 = Debug|x64
		Release|ARM = Release|ARM
		Release|Win32 = Release|Win32
		Release|x64 = Release|x64
	EndGlobalSection
	GlobalSection(ProjectConfigurationPlatforms) = postSolution
		{03383462-5012-4312-BF16-F30EAF6FB786}.Debug|ARM.ActiveCfg = Debug|ARM
		{03383462-5012-4312-BF16-F30EAF6FB786}.Debug|ARM.Build.0 = Debug|ARM
		{03383462-5012-4312-BF16-F30EAF6FB786}.Debug|ARM.Deploy.0 = Debug|ARM
		{03383462-5012-4312-BF16-F30EAF6FB786}.Debug|Win32.ActiveCfg = Debug|Win32
		{03383462-5012-4312-BF16-F30EAF6FB786}.Debug|Win32.Build.0 = Debug|Win32
		{03383462-5012-4312-BF16-F30EAF6FB786}.Debug|Win32.Deploy.0 = Debug|Win32
		{03383462-5012-4312-BF16-F30EAF6FB786}.Debug|x64.ActiveCfg = Debug|x64
		{03383462-5012-4312-BF16-F30EAF6FB786}.Debug|x64.Build.0 = Debug|x64
		{03383462-5012-4312-BF16-F30EAF6FB786}.Debug|x64.Deploy.0 = Debug|x64
		{03383462-5012-4312-BF16-F30EAF6FB786}.Release|ARM.ActiveCfg = Release|ARM
		{03383462-5012-4312-BF16-F30EAF6FB786}.Release|ARM.Build.0 = Release|ARM
		{03383462-5012-4312-BF16-F30EAF6FB786}.Release|ARM.Deploy.0 = Release|ARM
		{03383462-5012-4312-BF16-F30EAF6FB786}.Release|Win32.ActiveCfg = Release|Win32
		{03383462-5012-4312-BF16-F30EAF6FB786}.Release|Win32.Build.0 = Release|Win32
		{03383462-5012-4312-BF16-F30EAF6FB786}.Release|Win32.Deploy.0 = Release|Win32
		{03383462-5012-4312-BF16-F30EAF6FB786}.Release|x64.ActiveCfg = Release|x64
		{03383462-5012-4312-BF16-F30EAF6FB786}.Release|x64.Build.0 = Release|x64
		{03383462-5012-4312-BF16-F30EAF6FB786}.Release|x64.Deploy.0 = Release|x64
		{2EB75A80-C327-486B-BBF9-15882CC369A8}.Debug|ARM.ActiveCfg = Debug|ARM
		{2EB75A80-C327-486B-BBF9-15882CC369A8}.Debug|ARM.Build.0 = Debug|ARM
		{2EB75A80-C327-486B-BBF9-15882CC369A8}.Debug|ARM.Deploy.0 = Debug|ARM
		{2EB75A80-C327-486B-BBF9-15882CC369A8}.Debug|Win32.ActiveCfg = Debug|Win32
		{2EB75A80-C327-486B-BBF9-15882CC369A8}.Debug|Win32.Build.0 = Debug|Win32
		{2EB75A80-C327-486B-BBF9-15882CC369A8}.Debug|Win32.Deploy.0 = Debug|Win32
		{2EB75A80-C327-486B-BBF9-15882CC369A8}.Debug|x64.ActiveCfg = Debug|x64
		{2EB75A80-C327-486B-BBF9-15882CC369A8}.Debug|x64.Build.0 = Debug|x64
		{2EB75A80-C327-486B-BBF9-15882CC369A8}.Debug|x64.Deploy.0 = Debug|x64
		{2EB75A80-C327-486B-BBF9-15882CC369A8}.Release|ARM.ActiveCfg = Release|ARM
		{2EB75A80-C327-486B-BBF9-15882CC369A8}.Release|ARM.Build.0 = Release|ARM
		{2EB75A80-C327-486B-BBF9-15882CC369A8}.Release|ARM.Deploy.0 = Release|ARM
		{2EB75A80-C327-486B-BBF9-15882CC369A8}.Release|Win32.ActiveCfg = Release|Win32
		{2EB75A80-C327-486B-BBF9-15882CC369A8}.Release|Win32.Build.0 = Release|Win32
		{2EB75A80-C327-486B-BBF9-15882CC369A8}.Release|Win32.Deploy.0 = Release|Win32
		{2EB75A80-C327-486B-BBF9-15882CC369A8}.Release|x64.ActiveCfg = Release|x64
		{2EB75A80-C327-486B-BBF9-15882CC369A8}.Release|x64.Build.0 = Release|x64
		{2EB75A80-C327-486B-BBF9-15882CC369A8}.Release|x64.Deploy.0 = Release|x64
		{11B79867-71BE-41F4-8EEC-E4A88BEB78DE}.Debug|ARM.ActiveCfg = Debug|ARM
		{11B79867-71BE-41F4-8EEC-E4A88BEB78DE}.Debug|ARM.Build.0 = Debug|ARM
		{11B79867-71BE-41F4-8EEC-E4A88BEB78DE}.Debug|ARM.Deploy.0 = Debug|ARM
		{11B79867-71BE-41F4-8EEC-E4A88BEB78DE}.Debug|Win32.ActiveCfg = Debug|Win32
		{11B79867-71BE-41F4-8EEC-E4A88BEB78DE}.Debug|Win32.Build.0 = Debug|Win32
		{11B79867-71BE-41F4-8EEC-E4A88BEB78DE}.Debug|Win32.Deploy.0 = Debug|Win32
		{11B79867-71BE-41F4-8EEC-E4A88BEB78DE}.Debug|x64.ActiveCfg = Debug|x64
		{11B79867-71BE-41F4-8EEC-E4A88BEB78DE}.Debug|x64.Build.0 = Debug|x64
		{11B79867-71BE-41F4-8EEC-E4A88BEB78DE}.Debug|x64.Deploy.0 = Debug|x64
		{11B79867-71BE-41F4-8EEC-E4A88BEB78DE}.Release|ARM.ActiveCfg = Release|ARM
		{11B79867-71BE-41F4-8EEC-E4A88BEB78DE}.Release|ARM.Build.0 = Release|ARM
		{11B79867-71BE-41F4-8EEC-E4A88BEB78DE}.Release|ARM.Deploy.0 = Release|ARM
		{11B79867-71BE-41F4-8EEC-E4A88BEB78DE}.Release|Win32.ActiveCfg = Release|Win32
		{11B79867-71BE-41F4-8EEC-E4A88BEB78DE}.Release|Win32.Build.0 = Release|Win32
		{11B79867-71BE-41F4-8EEC-E4A88BEB78DE}.Release|Win32.Deploy.0 = Release|Win32
		{11B79867-71BE-41F4-8EEC-E4A88BEB78DE}.Release|x64.ActiveCfg = Release|x64
		{11B79867-71BE-41F4-8EEC-E4A88BEB78DE}.Release|x64.Build.0 = Release|x64
		{11B79867-71BE-41F4-8EEC-E4A88BEB78DE}.Release|x64.Deploy.0 = Release|x64
		{667BAF88-A7C2-4910-B313-F42140AF32E6}.Debug|ARM.ActiveCfg = Debug|ARM
		{667BAF88-A7C2-4910-B313-F42140AF32E6}.Debug|ARM.Build.0 = Debug|ARM
		{667BAF88-A7C2-4910-B313-F42140AF32E6}.Debug|ARM.Deploy.0 = Debug|ARM
		{667BAF88-A7C2-4910-B313-F42140AF32E6}.Debug|Win32.ActiveCfg = Debug|Win32
		{667BAF88-A7C2-4910-B313-F42140AF32E6}.Debug|Win32.Build.0 = Debug|Win32
		{667BAF88-A7C2-4910-B313-F42140AF32E6}.Debug|Win32.Deploy.0 = Debug|Win32
		{667BAF88-A7C2-4910-B313-F42140AF32E6}.Debug|x64.ActiveCfg = Debug|x64
		{667BAF88-A7C2-4910-B313-F42140AF32E6}.Debug|x64.Build.0 = Debug|x64
		{667BAF88-A7C2-4910-B313-F42140AF32E6}.Debug|x64.Deploy.0 = Debug|x64
		{667BAF88-A7C2-4910-B313-F42140AF32E6}.Release|ARM.ActiveCfg = Release|ARM
		{667BAF88-A7C2-4910-B313-F42140AF32E6}.Release|ARM.Build.0 = Release|ARM
		{667BAF88-A7C2-4910-B313-F42140AF32E6}.Release|ARM.Deploy.0 = Release|ARM
		{667BAF88-A7C2-4910-B313-F42140AF32E6}.Release|Win32.ActiveCfg = Release|Win32
		{667BAF88-A7C2-4910-B313-F42140AF32E6}.Release|Win32.Build.0 = Release|Win32
		{667BAF88-A7C2-4910-B313-F42140AF32E6}.Release|Win32.Deploy.0 = Release|Win32
		{667BAF88-A7C2-4910-B313-F42140AF32E6}.Release|x64.ActiveCfg = Release|x64
		{667BAF88-A7C2-4910-B313-F42140AF32E6}.Release|x64.Build.0 = Release|x64
		{667BAF88-A7C2-4910-B313-F42140AF32E6}.Release|x64.Deploy.0 = Release|x64
		{9E53A319-EB9C-4194-8D0C-0C38374D72BD}.Debug|ARM.ActiveCfg = Debug|ARM
		{9E53A319-EB9C-4194-8D0C-0C38374D72BD}.Debug|ARM.Build.0 = Debug|ARM
		{9E53A319-EB9C-4194-8D0C-0C38374D72BD}.Debug|ARM.Deploy.0 = Debug|ARM
		{9E53A319-EB9C-4194-8D0C-0C38374D72BD}.Debug|Win32.ActiveCfg = Debug|Win32
		{9E53A319-EB9C-4194-8D0C-0C38374D72BD}.Debug|Win32.Build.0 = Debug|Win32
		{9E53A319-EB9C-4194-8D0C-0C38374D72BD}.Debug|Win32.Deploy.0 = Debug|Win32
		{9E53A319-EB9C-4194-8D0C-0C38374D72BD}.Debug|x64.ActiveCfg = Debug|x64
		{9E53A319-EB9C-4194-8D0C-0C38374D72BD}.Debug|x64.Build.0 = Debug|x64
		{9E53A319-EB9C-4194-8D0C-0C38374D72BD}.Debug|x64.Deploy.0 = Debug|x64
		{9E53A319-EB9C-4194-8D0C-0C38374D72BD}.Release|ARM.ActiveCfg = Release|ARM
		{9E53A319-EB9C-4194-8D0C-0C38374D72BD}.Release|ARM.Build.0 = Release|ARM
		{9E53A319-EB9C-4194-8D0C-0C38374D72BD}.Release|ARM.Deploy.0 = Release|ARM
		{9E53A319-EB9C-4194-8D0C-0C38374D72BD}.Release|Win32.ActiveCfg = Release|Win32
		{9E53A319-EB9C-4194-8D0C-0C38374D72BD}.Release|Win32.Build.0 = Release|Win32
		{9E53A319-EB9C-4194-8D0C-0C38374D72BD}.Release|Win32.Deploy.0 = Release|Win32
		{9E53A319-EB9C-4194-8D0C-0C38374D72BD}.Release|x64.ActiveCfg = Release|x64
		{9E53A319-EB9C-4194-8D0C-0C38374D72BD}.Release|x64.Build.0 = Release|x64
		{9E53A319-EB9C-4194-8D0C-0C38374D72BD}.Release|x64.Deploy.0 = Release|x64
		{B2EFB05F-2072-45AA-8ACE-A215530040E5}.Debug|ARM.ActiveCfg = Debug|ARM
		{B2EFB05F-2072-45AA-8ACE-A215530040E5}.Debug|ARM.Build.0 = Debug|ARM
		{B2EFB05F-2072-45AA-8ACE-A215530040E5}.Debug|ARM.Deploy.0 = Debug|ARM
		{B2EFB05F-2072-45AA-8ACE-A215530040E5}.Debug|Win32.ActiveCfg = Debug|Win32
		{B2EFB05F-2072-45AA-8ACE-A215530040E5}.Debug|Win32.Build.0 = Debug|Win32
		{B2EFB05F-2072-45AA-8ACE-A215530040E5}.Debug|Win32.Deploy.0 = Debug|Win32
		{B2EFB05F-2072-45AA-8ACE-A215530040E5}.Debug|x64.ActiveCfg = Debug|x64
		{B2EFB05F-2072-45AA-8ACE-A215530040E5}.Debug|x64.Build.0 = Debug|x64
		{B2EFB05F-2072-45AA-8ACE-A215530040E5}.Debug|x64.Deploy.0 = Debug|x64
		{B2EFB05F-2072-45AA-8ACE-A215530040E5}.Release|ARM.ActiveCfg = Release|ARM
		{B2EFB05F-2072-45AA-8ACE-A215530040E5}.Release|ARM.Build.0 = Release|ARM
		{B2EFB05F-2072-45AA-8ACE-A215530040E5}.Release|ARM.Deploy.0 = Release|ARM
		{B2EFB05F-2072-45AA-8ACE-A215530040E5}.Release|Win32.ActiveCfg = Release|Win32
		{B2EFB05F-2072-45AA-8ACE-A215530040E5}.Release|Win32.Build.0 = Release|Win32
		{B2EFB05F-2072-45AA-8ACE-A215530040E5}.Release|Win32.Deploy.0 = Release|Win32
		{B2EFB05F-2072-45AA-8ACE-A215530040E5}.Release|x64.ActiveCfg = Release|x64
		{B2EFB05F-2072-45AA-8ACE-A215530040E5}.Release|x64.Build.0 = Release|x64
		{B2EFB05F-2072-45AA-8ACE-A215530040E5}.Release|x64.Deploy.0 = Release|x64
		{81422747-0399-4CAC-B30F-F52A7A4FF807}.Debug|ARM.ActiveCfg = Debug|ARM
		{81422747-0399-4CAC-B30F-F52A7A4FF807}.Debug|ARM.Build.0 = Debug|ARM
		{81422747-0399-4CAC-B30F-F52A7A4FF807}.Debug|ARM.Deploy.0 = Debug|ARM
		{81422747-0399-4CAC-B30F-F52A7A4FF807}.Debug|Win32.ActiveCfg = Debug|Win32
		{81422747-0399-4CAC-B30F-F52A7A4FF807}.Debug|Win32.Build.0 = Debug|Win32
		{81422747-0399-4CAC-B30F-F52A7A4FF807}.Debug|Win32.Deploy.0 = Debug|Win32
		{81422747-0399-4CAC-B30F-F52A7A4FF807}.Debug|x64.ActiveCfg = Debug|x64
		{81422747-0399-4CAC-B30F-F52A7A4FF807}.Debug|x64.Build.0 = Debug|x64
		{81422747-0399-4CAC-B30F-F52A7A4FF807}.Debug|x64.Deploy.0 = Debug|x64
		{81422747-0399-4CAC-B30F-F52A7A4FF807}.Release|ARM.ActiveCfg = Release|ARM
		{81422747-0399-4CAC-B30F-F52A7A4FF807}.Release|ARM.Build.0 = Release|ARM
		{81422747-0399-4CAC-B30F-F52A7A4FF807}.Release|ARM.Deploy.0 = Release|ARM
		{81422747-0399-4CAC-B30F-F52A7A4FF807}.Release|Win32.ActiveCfg = Release|Win32
		{81422747-0399-4CAC-B30F-F52A7A4FF807}.Release|Win32.Build.0 = Release|Win32
		{81422747-0399-4CAC-B30F-F52A7A4FF807}.Release|Win32.Deploy.0 = Release|Win32
		{81422747-0399-4CAC-B30F-F52A7A4FF807}.Release|x64.ActiveCfg = Release|x64
		{81422747-0399-4CAC-B30F-F52A7A4FF807}.Release|x64.Build.0 = Release|x64
		{81422747-0399-4CAC-B30F-F52A7A4FF807}.Release|x64.Deploy.0 = Release|x64
		{27149B6D-0CF6-4D74-ABBD-DCCFAB50DF0F}.Debug|ARM.ActiveCfg = Debug|ARM
		{27149B6D-0CF6-4D74-ABBD-DCCFAB50DF0F}.Debug|ARM.Build.0 = Debug|ARM
		{27149B6D-0CF6-4D74-ABBD-DCCFAB50DF0F}.Debug|ARM.Deploy.0 = Debug|ARM
		{27149B6D-0CF6-4D74-ABBD-DCCFAB50DF0F}.Debug|Win32.ActiveCfg = Debug|Win32
		{27149B6D-0CF6-4D74-ABBD-DCCFAB50DF0F}.Debug|Win32.Build.0 = Debug|Win32
		{27149B6D-0CF6-4D74-ABBD-DCCFAB50DF0F}.Debug|Win32.Deploy.0 = Debug|Win32
		{27149B6D-0CF6-4D74-ABBD-DCCFAB50DF0F}.Debug|x64.ActiveCfg = Debug|x64
		{27149B6D-0CF6-4D74-ABBD-DCCFAB50DF0F}.Debug|x64.Build.0 = Debug|x64
		{27149B6D-0CF6-4D74-ABBD-DCCFAB50DF0F}.Debug|x64.Deploy.0 = Debug|x64
		{27149B6D-0CF6-4D74-ABBD-DCCFAB50DF0F}.Release|ARM.ActiveCfg = Release|ARM
		{27149B6D-0CF6-4D74-ABBD-DCCFAB50DF0F}.Release|ARM.Build.0 = Release|ARM
		{27149B6D-0CF6-4D74-ABBD-DCCFAB50DF0F}.Release|ARM.Deploy.0 = Release|ARM
		{27149B6D-0CF6-4D74-ABBD-DCCFAB50DF0F}.Release|Win32.ActiveCfg = Release|Win32
		{27149B6D-0CF6-4D74-ABBD-DCCFAB50DF0F}.Release|Win32.Build.0 = Release|Win32
		{27149B6D-0CF6-4D74-ABBD-DCCFAB50DF0F}.Release|Win32.Deploy.0 = Release|Win32
		{27149B6D-0CF6-4D74-ABBD-DCCFAB50DF0F}.Release|x64.ActiveCfg = Release|x64
		{27149B6D-0CF6-4D74-ABBD-DCCFAB50DF0F}.Release|x64.Build.0 = Release|x64
		{27149B6D-0CF6-4D74-ABBD-DCCFAB50DF0F}.Release|x64.Deploy.0 = Release|x64
		{DAF00AF5-340F-4384-9419-04FA314E154D}.Debug|ARM.ActiveCfg = Debug|ARM
		{DAF00AF5-340F-4384-9419-04FA314E154D}.Debug|ARM.Build.0 = Debug|ARM
		{DAF00AF5-340F-4384-9419-04FA314E154D}.Debug|ARM.Deploy.0 = Debug|ARM
		{DAF00AF5-340F-4384-9419-04FA314E154D}.Debug|Win32.ActiveCfg = Debug|Win32
		{DAF00AF5-340F-4384-9419-04FA314E154D}.Debug|Win32.Build.0 = Debug|Win32
		{DAF00AF5-340F-4384-9419-04FA314E154D}.Debug|Win32.Deploy.0 = Debug|Win32
		{DAF00AF5-340F-4384-9419-04FA314E154D}.Debug|x64.ActiveCfg = Debug|x64
		{DAF00AF5-340F-4384-9419-04FA314E154D}.Debug|x64.Build.0 = Debug|x64
		{DAF00AF5-340F-4384-9419-04FA314E154D}.Debug|x64.Deploy.0 = Debug|x64
		{DAF00AF5-340F-4384-9419-04FA314E154D}.Release|ARM.ActiveCfg = Release|ARM
		{DAF00AF5-340F-4384-9419-04FA314E154D}.Release|ARM.Build.0 = Release|ARM
		{DAF00AF5-340F-4384-9419-04FA314E154D}.Release|ARM.Deploy.0 = Release|ARM
		{DAF00AF5-340F-4384-9419-04FA314E154D}.Release|Win32.ActiveCfg = Release|Win32
		{DAF00AF5-340F-4384-9419-04FA314E154D}.Release|Win32.Build.0 = Release|Win32
		{DAF00AF5-340F-4384-9419-04FA314E154D}.Release|Win32.Deploy.0 = Release|Win32
		{DAF00AF5-340F-4384-9419-04FA314E154D}.Release|x64.ActiveCfg = Release|x64
		{DAF00AF5-340F-4384-9419-04FA314E154D}.Release|x64.Build.0 = Release|x64
		{DAF00AF5-340F-4384-9419-04FA314E154D}.Release|x64.Deploy.0 = Release|x64
	EndGlobalSection
	GlobalSection(SolutionProperties) = preSolution
		HideSolutionNode = FALSE
	EndGlobalSection
EndGlobal
